
Microsoft Visual Studio Solution File, Format Version 12.00
# Visual Studio 15
VisualStudioVersion = 15.0.28307.106
MinimumVisualStudioVersion = 10.0.40219.1
Project("{FAE04EC0-301F-11D3-BF4B-00C04F79EFBC}") = "WCF学习", "WCF学习\WCF学习.csproj", "{8E6D02A4-AE15-4D37-8637-AB0BE669DA24}"
EndProject
Project("{FAE04EC0-301F-11D3-BF4B-00C04F79EFBC}") = "Client", "Client\Client.csproj", "{C02D2772-615E-4A84-8FCA-FE4DC22399BB}"
EndProject
Project("{FAE04EC0-301F-11D3-BF4B-00C04F79EFBC}") = "Hosting", "Hosting\Hosting.csproj", "{33E34EE5-09F5-48AE-989B-30E7E3DE156E}"
EndProject
Project("{FAE04EC0-301F-11D3-BF4B-00C04F79EFBC}") = "Service", "Service\Service.csproj", "{E70DEF81-077F-4086-99F9-F961A7B58B1B}"
EndProject
Project("{FAE04EC0-301F-11D3-BF4B-00C04F79EFBC}") = "Service.Interface", "Service.Interface\Service.Interface.csproj", "{0D43649E-CCF5-4187-AF76-8BB066670B46}"
EndProject
Project("{2150E333-8FDC-42A3-9474-1A3956D46DE8}") = "2", "2", "{6EE436A9-1C44-4F8F-915E-716F4129D54A}"
EndProject
Project("{FAE04EC0-301F-11D3-BF4B-00C04F79EFBC}") = "2", "2\2.csproj", "{1D21C5CF-996F-4754-A3DD-4CB552511CA0}"
EndProject
Project("{2150E333-8FDC-42A3-9474-1A3956D46DE8}") = "201", "201", "{0DAD3B9C-35BF-4875-B53D-4B79C0B289D7}"
EndProject
Project("{FAE04EC0-301F-11D3-BF4B-00C04F79EFBC}") = "Client", "2\201\s201\Client.csproj", "{202B1B87-BE04-42CB-B2CB-73B98DB484F3}"
EndProject
Project("{FAE04EC0-301F-11D3-BF4B-00C04F79EFBC}") = "Service", "2\201\Service\Service.csproj", "{4AB1626C-6EE3-4648-B251-7764E3F31CF7}"
EndProject
Project("{FAE04EC0-301F-11D3-BF4B-00C04F79EFBC}") = "Service.Interface", "2\201\Service.Interface\Service.Interface.csproj", "{9A0D6AE9-CB51-41F3-8CB5-BCC456CD7C98}"
EndProject
Project("{2150E333-8FDC-42A3-9474-1A3956D46DE8}") = "3", "3", "{73C9A6C8-141D-40B9-8FF2-0A7666C331C8}"
EndProject
Project("{FAE04EC0-301F-11D3-BF4B-00C04F79EFBC}") = "3", "3\3.csproj", "{22D25E84-7506-4410-B674-3C1132F094CA}"
EndProject
Project("{2150E333-8FDC-42A3-9474-1A3956D46DE8}") = "301", "301", "{77475044-B308-48C4-8F37-FC24901710A0}"
EndProject
Project("{FAE04EC0-301F-11D3-BF4B-00C04F79EFBC}") = "Receiver", "Receiver\Receiver.csproj", "{8AA2326B-03E2-4DAF-AF4E-53DC3FD05A97}"
EndProject
Project("{FAE04EC0-301F-11D3-BF4B-00C04F79EFBC}") = "Sender", "Sender\Sender.csproj", "{D7645081-9C08-4D8B-84DF-21AA5B784D1A}"
EndProject
Project("{2150E333-8FDC-42A3-9474-1A3956D46DE8}") = "302", "302", "{7CF52ECD-A417-4E0D-8B19-79E8957A49B4}"
EndProject
Project("{2150E333-8FDC-42A3-9474-1A3956D46DE8}") = "4", "4", "{8F15E6C5-5759-456F-8C0D-5F10F9636E78}"
EndProject
Project("{FAE04EC0-301F-11D3-BF4B-00C04F79EFBC}") = "4", "4\4\4.csproj", "{032951F7-C628-48D7-B86F-733C6ADFED63}"
EndProject
Project("{2150E333-8FDC-42A3-9474-1A3956D46DE8}") = "402", "402", "{99129CCC-D93B-47D1-872A-8A36F0A37C9F}"
EndProject
Project("{FAE04EC0-301F-11D3-BF4B-00C04F79EFBC}") = "MessageDescriptionDemo", "4\402\MessageDescriptionDemo\MessageDescriptionDemo.csproj", "{10D29B0D-7736-4CA5-B793-2711AC02AC6C}"
EndProject
Project("{2150E333-8FDC-42A3-9474-1A3956D46DE8}") = "403", "403", "{F79713A7-B878-4D75-A763-97F0765328B3}"
EndProject
Project("{FAE04EC0-301F-11D3-BF4B-00C04F79EFBC}") = "Service.Inteface", "4\403\Service.Inteface\Service.Inteface.csproj", "{8FAA332F-FD77-40C3-A6BF-9697785303DC}"
EndProject
Project("{FAE04EC0-301F-11D3-BF4B-00C04F79EFBC}") = "Service", "4\403\Service\Service.csproj", "{DA263DDA-3CA3-4DAA-B100-9E75506A8090}"
EndProject
Project("{FAE04EC0-301F-11D3-BF4B-00C04F79EFBC}") = "Host", "4\403\Host\Host.csproj", "{D1C95D99-C89A-4663-B238-FB7192D9619F}"
EndProject
Project("{FAE04EC0-301F-11D3-BF4B-00C04F79EFBC}") = "Client", "4\403\Client\Client.csproj", "{F84CBA48-A722-4CB9-97EE-82B8B7A76CAF}"
EndProject
Project("{FAE04EC0-301F-11D3-BF4B-00C04F79EFBC}") = "BindingsDemo", "3\302\BindingsDemo\BindingsDemo.csproj", "{DCBC31AC-C332-405E-A2E5-431CDE824A4D}"
EndProject
Project("{2150E333-8FDC-42A3-9474-1A3956D46DE8}") = "5", "5", "{9B3FC4C3-B4BF-4E3C-85C9-64AC12F41AA9}"
EndProject
Project("{FAE04EC0-301F-11D3-BF4B-00C04F79EFBC}") = "5", "5\5\5.csproj", "{1948C621-AB03-4E79-90AC-7D55E0CBFBF1}"
EndProject
Project("{2150E333-8FDC-42A3-9474-1A3956D46DE8}") = "501", "501", "{C69D2CF6-767B-454E-BC55-DF858A1759C8}"
EndProject
Project("{FAE04EC0-301F-11D3-BF4B-00C04F79EFBC}") = "501", "501\501.csproj", "{B518D01B-314A-4F4F-83E3-5DB4F12AEC9A}"
EndProject
Project("{FAE04EC0-301F-11D3-BF4B-00C04F79EFBC}") = "502", "502\502.csproj", "{DC4384D9-A60B-426E-BA2F-97F46FCBCC47}"
EndProject
Project("{2150E333-8FDC-42A3-9474-1A3956D46DE8}") = "6", "6", "{89C74412-263D-4F77-AD75-559DBC2FB610}"
EndProject
Project("{FAE04EC0-301F-11D3-BF4B-00C04F79EFBC}") = "6", "6\6\6.csproj", "{9892B920-ADF6-4BF5-9285-32BD393EC1DC}"
EndProject
Project("{FAE04EC0-301F-11D3-BF4B-00C04F79EFBC}") = "601", "6\601\601.csproj", "{39D33B78-EBB5-47CE-9797-454583821D24}"
EndProject
Project("{FAE04EC0-301F-11D3-BF4B-00C04F79EFBC}") = "602", "6\602\602.csproj", "{DF2D9DFD-9B00-4B8F-93EE-3C3536649E2C}"
EndProject
Project("{FAE04EC0-301F-11D3-BF4B-00C04F79EFBC}") = "603", "6\603\603.csproj", "{A4F3CAF6-6ADD-4048-BC3A-A6BDAFC501B6}"
EndProject
Project("{2150E333-8FDC-42A3-9474-1A3956D46DE8}") = "7", "7", "{97C2D585-7C75-4C95-A5E7-358B353CE4DE}"
EndProject
Project("{FAE04EC0-301F-11D3-BF4B-00C04F79EFBC}") = "7", "7\7\7.csproj", "{E58D0E86-7996-4408-8FDA-11CB4916935A}"
EndProject
Project("{2150E333-8FDC-42A3-9474-1A3956D46DE8}") = "701", "701", "{D62A3A4A-6820-49DF-ACD0-63BF6A9C6665}"
EndProject
Project("{FAE04EC0-301F-11D3-BF4B-00C04F79EFBC}") = "701", "7\701\701\701.csproj", "{CC494313-4A1C-4DAA-899A-37AA03AB7413}"
EndProject
Project("{FAE04EC0-301F-11D3-BF4B-00C04F79EFBC}") = "Excel", "7\Excel\Excel.csproj", "{269EF299-F0A6-4FEA-AB50-0865348DD7C2}"
EndProject
Project("{FAE04EC0-301F-11D3-BF4B-00C04F79EFBC}") = "BatchingHosting", "7\BatchingHosting\BatchingHosting\BatchingHosting\BatchingHosting.csproj", "{7797DD1C-6F22-49C1-93F1-A9D6620F9054}"
EndProject
Project("{2150E333-8FDC-42A3-9474-1A3956D46DE8}") = "702", "702", "{79C3792C-53BA-4644-9D4B-E3A124CF9658}"
EndProject
Project("{FAE04EC0-301F-11D3-BF4B-00C04F79EFBC}") = "702Client", "7\702\702Client\702Client.csproj", "{7071BF40-544F-4585-93D5-E8ED0743E1CE}"
EndProject
Project("{FAE04EC0-301F-11D3-BF4B-00C04F79EFBC}") = "702Service.Interface", "7\702\702Service.Interface\702Service.Interface.csproj", "{2AAEF66E-2AD6-4CB1-A8B1-20C965D3801B}"
EndProject
Project("{FAE04EC0-301F-11D3-BF4B-00C04F79EFBC}") = "702Service", "7\702\702Service\702Service.csproj", "{D659074D-097A-49E8-9D3F-1517C3363070}"
EndProject
Project("{FAE04EC0-301F-11D3-BF4B-00C04F79EFBC}") = "WindowsService1", "7\WindowsService1\WindowsService1.csproj", "{1EA4575C-53D0-43A1-A760-E4933424145D}"
EndProject
Project("{2150E333-8FDC-42A3-9474-1A3956D46DE8}") = "8", "8", "{08B486F3-81DE-40AB-AEBB-5B28686DFE02}"
EndProject
Project("{FAE04EC0-301F-11D3-BF4B-00C04F79EFBC}") = "8", "8\8\8.csproj", "{394C08BF-2598-484E-A0E1-B6581CF75B6E}"
EndProject
Project("{2150E333-8FDC-42A3-9474-1A3956D46DE8}") = "801", "801", "{22500C32-D7D9-4AF9-92DD-4D2B44AA8196}"
EndProject
Project("{FAE04EC0-301F-11D3-BF4B-00C04F79EFBC}") = "Client_801", "8\801\Client_801\Client_801.csproj", "{7EEFFB29-3D99-42BA-B55D-AEFFEB9BC778}"
EndProject
Project("{FAE04EC0-301F-11D3-BF4B-00C04F79EFBC}") = "Service_801", "8\801\Service_801\Service_801.csproj", "{DAD79EB5-2855-49C6-AF62-DA4DE0A1E4BC}"
EndProject
Project("{FAE04EC0-301F-11D3-BF4B-00C04F79EFBC}") = "Interface", "8\801\Interface\Interface.csproj", "{162D29CA-E233-4CB3-B744-464CE324CD4C}"
EndProject
Project("{2150E333-8FDC-42A3-9474-1A3956D46DE8}") = "9", "9", "{EC3C340B-3AE2-4A6F-9E28-0DC64AFF4FF4}"
EndProject
Project("{FAE04EC0-301F-11D3-BF4B-00C04F79EFBC}") = "9", "9\9\9.csproj", "{E8F33CCE-4A7E-4058-B87D-CD9A267D40BB}"
EndProject
Project("{2150E333-8FDC-42A3-9474-1A3956D46DE8}") = "901", "901", "{FF00D1B1-0862-441B-AB03-F86F19A61D7E}"
EndProject
Project("{FAE04EC0-301F-11D3-BF4B-00C04F79EFBC}") = "Client901", "9\901\Client901\Client901.csproj", "{F9FDCDF7-4B0C-4D61-953A-76A6FC221354}"
EndProject
Project("{FAE04EC0-301F-11D3-BF4B-00C04F79EFBC}") = "Service901", "9\901\Service901\Service901.csproj", "{2578F51C-8876-4131-8D2D-FBE7ACE410A7}"
EndProject
Project("{FAE04EC0-301F-11D3-BF4B-00C04F79EFBC}") = "Interface901", "9\901\Interface901\Interface901.csproj", "{E448D580-CE3E-4DE0-8D1D-E695F6E5111F}"
EndProject
Project("{2150E333-8FDC-42A3-9474-1A3956D46DE8}") = "902", "902", "{A60EDCCF-9A93-4527-A14B-BF4131A9C99B}"
EndProject
Project("{FAE04EC0-301F-11D3-BF4B-00C04F79EFBC}") = "Client902", "9\902\Client902\Client902.csproj", "{DA5888F4-07B1-483A-AB3A-33C55564F6C5}"
EndProject
Project("{FAE04EC0-301F-11D3-BF4B-00C04F79EFBC}") = "Service902", "9\902\Service902\Service902.csproj", "{62775467-6813-490A-B778-C86775BAEAB7}"
EndProject
Project("{FAE04EC0-301F-11D3-BF4B-00C04F79EFBC}") = "Interface902", "9\902\Interface902\Interface902.csproj", "{7693D6B2-468F-4CFC-A14E-EF7AD8CAFE93}"
EndProject
Project("{2150E333-8FDC-42A3-9474-1A3956D46DE8}") = "903", "903", "{31EBD970-2C40-430A-83EF-9DB81A8B172E}"
EndProject
Project("{FAE04EC0-301F-11D3-BF4B-00C04F79EFBC}") = "Client903", "9\903\Client903\Client903.csproj", "{5318E2A1-C4DD-41BA-8424-2ECD0191A59C}"
EndProject
Project("{FAE04EC0-301F-11D3-BF4B-00C04F79EFBC}") = "Service903", "9\903\Service903\Service903.csproj", "{D84DB7A5-A73D-4D76-8270-2C63CE45154D}"
EndProject
Project("{FAE04EC0-301F-11D3-BF4B-00C04F79EFBC}") = "Interface903", "9\903\Interface903\Interface903.csproj", "{4FB68783-4137-444F-927C-1BD82884D5E5}"
EndProject
Project("{FAE04EC0-301F-11D3-BF4B-00C04F79EFBC}") = "WcfServiceLibrary1", "WcfServiceLibrary1\WcfServiceLibrary1.csproj", "{E6318C02-7A83-41F1-83F8-8A760E28EE6A}"
EndProject
Project("{2150E333-8FDC-42A3-9474-1A3956D46DE8}") = "10", "10", "{82AB9E6A-7EBD-4913-9CEE-85498D2EBF7B}"
EndProject
Project("{FAE04EC0-301F-11D3-BF4B-00C04F79EFBC}") = "10", "10\10\10.csproj", "{066BA93E-53F1-4A52-B3DA-F04DC35EFCE7}"
EndProject
Project("{2150E333-8FDC-42A3-9474-1A3956D46DE8}") = "1001", "1001", "{CBE39021-F989-4521-91EE-66D328776D72}"
EndProject
Project("{FAE04EC0-301F-11D3-BF4B-00C04F79EFBC}") = "Service1001", "10\10\1001\Service\Service1001.csproj", "{4AA4F476-F334-4BC8-8985-F2470CBEA361}"
EndProject
Project("{FAE04EC0-301F-11D3-BF4B-00C04F79EFBC}") = "Service.Interface1001", "10\10\1001\Service.Interface1001\Service.Interface1001.csproj", "{6EAF66E0-47EA-482D-8207-F6BBA9ADDD82}"
EndProject
Project("{FAE04EC0-301F-11D3-BF4B-00C04F79EFBC}") = "Client1001", "10\10\1001\Client1001\Client1001.csproj", "{E6EE333D-A69F-428F-846C-E69F672C80BD}"
EndProject
Project("{FAE04EC0-301F-11D3-BF4B-00C04F79EFBC}") = "ClientTest", "10\10\1001\ClientTest\ClientTest.csproj", "{EA03CD54-2280-45F2-873D-671298FB5B66}"
EndProject
Project("{2150E333-8FDC-42A3-9474-1A3956D46DE8}") = "12", "12", "{7744C3BA-D8F9-4056-A394-695DDEBF8E7A}"
EndProject
Project("{FAE04EC0-301F-11D3-BF4B-00C04F79EFBC}") = "12", "12\12\12.csproj", "{82EA9B55-6B88-445B-A3C7-34123E720E56}"
EndProject
Project("{2150E333-8FDC-42A3-9474-1A3956D46DE8}") = "1201", "1201", "{7C043316-4A60-4CAC-B055-CCD7E71430B9}"
EndProject
Project("{FAE04EC0-301F-11D3-BF4B-00C04F79EFBC}") = "Demo1201", "12\1201\Demo1201\Demo1201.csproj", "{20F5C65D-64A1-49F7-833A-3708252C0A08}"
EndProject
Project("{2150E333-8FDC-42A3-9474-1A3956D46DE8}") = "1202", "1202", "{DEF00DA2-AED0-4709-A4D7-962A84D8C520}"
EndProject
Project("{FAE04EC0-301F-11D3-BF4B-00C04F79EFBC}") = "Client1202", "12\1202\Client1202\Client1202.csproj", "{F9B64EEE-4A8D-4DAB-8786-69A12C361E24}"
EndProject
Project("{FAE04EC0-301F-11D3-BF4B-00C04F79EFBC}") = "ServiceInterface1202", "12\1202\ServiceInterface1202\ServiceInterface1202.csproj", "{26E4CF9E-8E05-4F17-86B8-46853F87AD15}"
EndProject
Project("{FAE04EC0-301F-11D3-BF4B-00C04F79EFBC}") = "Service1202", "12\1202\Service1202\Service1202.csproj", "{F199A65F-3FF8-4F5B-ABCC-F9B438CC3EE3}"
EndProject
Project("{2150E333-8FDC-42A3-9474-1A3956D46DE8}") = "13", "13", "{EC971D0F-E0E8-4E7F-A9FC-5A885EBD4233}"
EndProject
Project("{FAE04EC0-301F-11D3-BF4B-00C04F79EFBC}") = "13", "13\13\13.csproj", "{3BF3F35A-6A2B-4455-A294-B239057147EB}"
EndProject
Project("{2150E333-8FDC-42A3-9474-1A3956D46DE8}") = "1301", "1301", "{D7BF95D1-1A88-4393-833D-3EE4F80EACE3}"
EndProject
Project("{FAE04EC0-301F-11D3-BF4B-00C04F79EFBC}") = "Client1301", "13\1301\Client1301\Client1301.csproj", "{86AC51EB-762B-40FF-BB5A-FE99C7976ADE}"
EndProject
Project("{2150E333-8FDC-42A3-9474-1A3956D46DE8}") = "1302", "1302", "{D8ED5D0E-428D-4491-A333-C7E0AA93F7DF}"
EndProject
Project("{FAE04EC0-301F-11D3-BF4B-00C04F79EFBC}") = "Service", "13\1302\Client1302\Service.csproj", "{A634C1EB-526E-4276-BBAA-9E138D904EB7}"
EndProject
Project("{FAE04EC0-301F-11D3-BF4B-00C04F79EFBC}") = "Client", "13\1302\Client\Client.csproj", "{8861FB4C-62B8-4214-AA1E-6EB7E092AB8B}"
EndProject
Project("{FAE04EC0-301F-11D3-BF4B-00C04F79EFBC}") = "Interface", "13\1302\Interface\Interface.csproj", "{B649C878-7F74-41BC-8517-FAFE5130D951}"
EndProject
Project("{2150E333-8FDC-42A3-9474-1A3956D46DE8}") = "1303", "1303", "{E4834E98-4769-453A-8AF6-505FBAEF592D}"
EndProject
Project("{FAE04EC0-301F-11D3-BF4B-00C04F79EFBC}") = "Service1303", "13\1303\Service1303\Service1303.csproj", "{545FF69A-90F3-47BD-998D-0379566FE850}"
EndProject
Project("{FAE04EC0-301F-11D3-BF4B-00C04F79EFBC}") = "Client1303", "13\1303\Client1303\Client1303.csproj", "{1E05FF46-0106-4617-9BFC-045A06938AB4}"
EndProject
Project("{FAE04EC0-301F-11D3-BF4B-00C04F79EFBC}") = "Interface1303", "Interface1303\Interface1303.csproj", "{822433BC-F005-449B-9CC0-6CC214DD3C79}"
EndProject
Project("{2150E333-8FDC-42A3-9474-1A3956D46DE8}") = "14", "14", "{539F8BC0-3CC6-4D09-8C8E-653A3676A7E1}"
	ProjectSection(SolutionItems) = preProject
		14.txt = 14.txt
	EndProjectSection
EndProject
Project("{FAE04EC0-301F-11D3-BF4B-00C04F79EFBC}") = "Client1401", "14\1401\Client1401\Client1401.csproj", "{3FFD9F89-8FCA-4E0D-9F62-266E4B0A8726}"
EndProject
Project("{FAE04EC0-301F-11D3-BF4B-00C04F79EFBC}") = "AOPDemo", "AOPDemo\AOPDemo.csproj", "{E0CB24B4-0037-42B3-AC25-E780CD28E4CD}"
EndProject
Global
	GlobalSection(SolutionConfigurationPlatforms) = preSolution
		Debug|Any CPU = Debug|Any CPU
		Debug|x86 = Debug|x86
		Release|Any CPU = Release|Any CPU
		Release|x86 = Release|x86
	EndGlobalSection
	GlobalSection(ProjectConfigurationPlatforms) = postSolution
		{8E6D02A4-AE15-4D37-8637-AB0BE669DA24}.Debug|Any CPU.ActiveCfg = Debug|Any CPU
		{8E6D02A4-AE15-4D37-8637-AB0BE669DA24}.Debug|Any CPU.Build.0 = Debug|Any CPU
		{8E6D02A4-AE15-4D37-8637-AB0BE669DA24}.Debug|x86.ActiveCfg = Debug|Any CPU
		{8E6D02A4-AE15-4D37-8637-AB0BE669DA24}.Debug|x86.Build.0 = Debug|Any CPU
		{8E6D02A4-AE15-4D37-8637-AB0BE669DA24}.Release|Any CPU.ActiveCfg = Release|Any CPU
		{8E6D02A4-AE15-4D37-8637-AB0BE669DA24}.Release|Any CPU.Build.0 = Release|Any CPU
		{8E6D02A4-AE15-4D37-8637-AB0BE669DA24}.Release|x86.ActiveCfg = Release|Any CPU
		{8E6D02A4-AE15-4D37-8637-AB0BE669DA24}.Release|x86.Build.0 = Release|Any CPU
		{C02D2772-615E-4A84-8FCA-FE4DC22399BB}.Debug|Any CPU.ActiveCfg = Debug|Any CPU
		{C02D2772-615E-4A84-8FCA-FE4DC22399BB}.Debug|Any CPU.Build.0 = Debug|Any CPU
		{C02D2772-615E-4A84-8FCA-FE4DC22399BB}.Debug|x86.ActiveCfg = Debug|Any CPU
		{C02D2772-615E-4A84-8FCA-FE4DC22399BB}.Debug|x86.Build.0 = Debug|Any CPU
		{C02D2772-615E-4A84-8FCA-FE4DC22399BB}.Release|Any CPU.ActiveCfg = Release|Any CPU
		{C02D2772-615E-4A84-8FCA-FE4DC22399BB}.Release|Any CPU.Build.0 = Release|Any CPU
		{C02D2772-615E-4A84-8FCA-FE4DC22399BB}.Release|x86.ActiveCfg = Release|Any CPU
		{C02D2772-615E-4A84-8FCA-FE4DC22399BB}.Release|x86.Build.0 = Release|Any CPU
		{33E34EE5-09F5-48AE-989B-30E7E3DE156E}.Debug|Any CPU.ActiveCfg = Debug|Any CPU
		{33E34EE5-09F5-48AE-989B-30E7E3DE156E}.Debug|Any CPU.Build.0 = Debug|Any CPU
		{33E34EE5-09F5-48AE-989B-30E7E3DE156E}.Debug|x86.ActiveCfg = Debug|Any CPU
		{33E34EE5-09F5-48AE-989B-30E7E3DE156E}.Debug|x86.Build.0 = Debug|Any CPU
		{33E34EE5-09F5-48AE-989B-30E7E3DE156E}.Release|Any CPU.ActiveCfg = Release|Any CPU
		{33E34EE5-09F5-48AE-989B-30E7E3DE156E}.Release|Any CPU.Build.0 = Release|Any CPU
		{33E34EE5-09F5-48AE-989B-30E7E3DE156E}.Release|x86.ActiveCfg = Release|Any CPU
		{33E34EE5-09F5-48AE-989B-30E7E3DE156E}.Release|x86.Build.0 = Release|Any CPU
		{E70DEF81-077F-4086-99F9-F961A7B58B1B}.Debug|Any CPU.ActiveCfg = Debug|Any CPU
		{E70DEF81-077F-4086-99F9-F961A7B58B1B}.Debug|Any CPU.Build.0 = Debug|Any CPU
		{E70DEF81-077F-4086-99F9-F961A7B58B1B}.Debug|x86.ActiveCfg = Debug|Any CPU
		{E70DEF81-077F-4086-99F9-F961A7B58B1B}.Debug|x86.Build.0 = Debug|Any CPU
		{E70DEF81-077F-4086-99F9-F961A7B58B1B}.Release|Any CPU.ActiveCfg = Release|Any CPU
		{E70DEF81-077F-4086-99F9-F961A7B58B1B}.Release|Any CPU.Build.0 = Release|Any CPU
		{E70DEF81-077F-4086-99F9-F961A7B58B1B}.Release|x86.ActiveCfg = Release|Any CPU
		{E70DEF81-077F-4086-99F9-F961A7B58B1B}.Release|x86.Build.0 = Release|Any CPU
		{0D43649E-CCF5-4187-AF76-8BB066670B46}.Debug|Any CPU.ActiveCfg = Debug|Any CPU
		{0D43649E-CCF5-4187-AF76-8BB066670B46}.Debug|Any CPU.Build.0 = Debug|Any CPU
		{0D43649E-CCF5-4187-AF76-8BB066670B46}.Debug|x86.ActiveCfg = Debug|Any CPU
		{0D43649E-CCF5-4187-AF76-8BB066670B46}.Debug|x86.Build.0 = Debug|Any CPU
		{0D43649E-CCF5-4187-AF76-8BB066670B46}.Release|Any CPU.ActiveCfg = Release|Any CPU
		{0D43649E-CCF5-4187-AF76-8BB066670B46}.Release|Any CPU.Build.0 = Release|Any CPU
		{0D43649E-CCF5-4187-AF76-8BB066670B46}.Release|x86.ActiveCfg = Release|Any CPU
		{0D43649E-CCF5-4187-AF76-8BB066670B46}.Release|x86.Build.0 = Release|Any CPU
		{1D21C5CF-996F-4754-A3DD-4CB552511CA0}.Debug|Any CPU.ActiveCfg = Debug|Any CPU
		{1D21C5CF-996F-4754-A3DD-4CB552511CA0}.Debug|Any CPU.Build.0 = Debug|Any CPU
		{1D21C5CF-996F-4754-A3DD-4CB552511CA0}.Debug|x86.ActiveCfg = Debug|Any CPU
		{1D21C5CF-996F-4754-A3DD-4CB552511CA0}.Debug|x86.Build.0 = Debug|Any CPU
		{1D21C5CF-996F-4754-A3DD-4CB552511CA0}.Release|Any CPU.ActiveCfg = Release|Any CPU
		{1D21C5CF-996F-4754-A3DD-4CB552511CA0}.Release|Any CPU.Build.0 = Release|Any CPU
		{1D21C5CF-996F-4754-A3DD-4CB552511CA0}.Release|x86.ActiveCfg = Release|Any CPU
		{1D21C5CF-996F-4754-A3DD-4CB552511CA0}.Release|x86.Build.0 = Release|Any CPU
		{202B1B87-BE04-42CB-B2CB-73B98DB484F3}.Debug|Any CPU.ActiveCfg = Debug|Any CPU
		{202B1B87-BE04-42CB-B2CB-73B98DB484F3}.Debug|Any CPU.Build.0 = Debug|Any CPU
		{202B1B87-BE04-42CB-B2CB-73B98DB484F3}.Debug|x86.ActiveCfg = Debug|Any CPU
		{202B1B87-BE04-42CB-B2CB-73B98DB484F3}.Debug|x86.Build.0 = Debug|Any CPU
		{202B1B87-BE04-42CB-B2CB-73B98DB484F3}.Release|Any CPU.ActiveCfg = Release|Any CPU
		{202B1B87-BE04-42CB-B2CB-73B98DB484F3}.Release|Any CPU.Build.0 = Release|Any CPU
		{202B1B87-BE04-42CB-B2CB-73B98DB484F3}.Release|x86.ActiveCfg = Release|Any CPU
		{202B1B87-BE04-42CB-B2CB-73B98DB484F3}.Release|x86.Build.0 = Release|Any CPU
		{4AB1626C-6EE3-4648-B251-7764E3F31CF7}.Debug|Any CPU.ActiveCfg = Debug|Any CPU
		{4AB1626C-6EE3-4648-B251-7764E3F31CF7}.Debug|Any CPU.Build.0 = Debug|Any CPU
		{4AB1626C-6EE3-4648-B251-7764E3F31CF7}.Debug|x86.ActiveCfg = Debug|Any CPU
		{4AB1626C-6EE3-4648-B251-7764E3F31CF7}.Debug|x86.Build.0 = Debug|Any CPU
		{4AB1626C-6EE3-4648-B251-7764E3F31CF7}.Release|Any CPU.ActiveCfg = Release|Any CPU
		{4AB1626C-6EE3-4648-B251-7764E3F31CF7}.Release|Any CPU.Build.0 = Release|Any CPU
		{4AB1626C-6EE3-4648-B251-7764E3F31CF7}.Release|x86.ActiveCfg = Release|Any CPU
		{4AB1626C-6EE3-4648-B251-7764E3F31CF7}.Release|x86.Build.0 = Release|Any CPU
		{9A0D6AE9-CB51-41F3-8CB5-BCC456CD7C98}.Debug|Any CPU.ActiveCfg = Debug|Any CPU
		{9A0D6AE9-CB51-41F3-8CB5-BCC456CD7C98}.Debug|Any CPU.Build.0 = Debug|Any CPU
		{9A0D6AE9-CB51-41F3-8CB5-BCC456CD7C98}.Debug|x86.ActiveCfg = Debug|Any CPU
		{9A0D6AE9-CB51-41F3-8CB5-BCC456CD7C98}.Debug|x86.Build.0 = Debug|Any CPU
		{9A0D6AE9-CB51-41F3-8CB5-BCC456CD7C98}.Release|Any CPU.ActiveCfg = Release|Any CPU
		{9A0D6AE9-CB51-41F3-8CB5-BCC456CD7C98}.Release|Any CPU.Build.0 = Release|Any CPU
		{9A0D6AE9-CB51-41F3-8CB5-BCC456CD7C98}.Release|x86.ActiveCfg = Release|Any CPU
		{9A0D6AE9-CB51-41F3-8CB5-BCC456CD7C98}.Release|x86.Build.0 = Release|Any CPU
		{22D25E84-7506-4410-B674-3C1132F094CA}.Debug|Any CPU.ActiveCfg = Debug|Any CPU
		{22D25E84-7506-4410-B674-3C1132F094CA}.Debug|Any CPU.Build.0 = Debug|Any CPU
		{22D25E84-7506-4410-B674-3C1132F094CA}.Debug|x86.ActiveCfg = Debug|Any CPU
		{22D25E84-7506-4410-B674-3C1132F094CA}.Debug|x86.Build.0 = Debug|Any CPU
		{22D25E84-7506-4410-B674-3C1132F094CA}.Release|Any CPU.ActiveCfg = Release|Any CPU
		{22D25E84-7506-4410-B674-3C1132F094CA}.Release|Any CPU.Build.0 = Release|Any CPU
		{22D25E84-7506-4410-B674-3C1132F094CA}.Release|x86.ActiveCfg = Release|Any CPU
		{22D25E84-7506-4410-B674-3C1132F094CA}.Release|x86.Build.0 = Release|Any CPU
		{8AA2326B-03E2-4DAF-AF4E-53DC3FD05A97}.Debug|Any CPU.ActiveCfg = Debug|Any CPU
		{8AA2326B-03E2-4DAF-AF4E-53DC3FD05A97}.Debug|Any CPU.Build.0 = Debug|Any CPU
		{8AA2326B-03E2-4DAF-AF4E-53DC3FD05A97}.Debug|x86.ActiveCfg = Debug|Any CPU
		{8AA2326B-03E2-4DAF-AF4E-53DC3FD05A97}.Debug|x86.Build.0 = Debug|Any CPU
		{8AA2326B-03E2-4DAF-AF4E-53DC3FD05A97}.Release|Any CPU.ActiveCfg = Release|Any CPU
		{8AA2326B-03E2-4DAF-AF4E-53DC3FD05A97}.Release|Any CPU.Build.0 = Release|Any CPU
		{8AA2326B-03E2-4DAF-AF4E-53DC3FD05A97}.Release|x86.ActiveCfg = Release|Any CPU
		{8AA2326B-03E2-4DAF-AF4E-53DC3FD05A97}.Release|x86.Build.0 = Release|Any CPU
		{D7645081-9C08-4D8B-84DF-21AA5B784D1A}.Debug|Any CPU.ActiveCfg = Debug|Any CPU
		{D7645081-9C08-4D8B-84DF-21AA5B784D1A}.Debug|Any CPU.Build.0 = Debug|Any CPU
		{D7645081-9C08-4D8B-84DF-21AA5B784D1A}.Debug|x86.ActiveCfg = Debug|Any CPU
		{D7645081-9C08-4D8B-84DF-21AA5B784D1A}.Debug|x86.Build.0 = Debug|Any CPU
		{D7645081-9C08-4D8B-84DF-21AA5B784D1A}.Release|Any CPU.ActiveCfg = Release|Any CPU
		{D7645081-9C08-4D8B-84DF-21AA5B784D1A}.Release|Any CPU.Build.0 = Release|Any CPU
		{D7645081-9C08-4D8B-84DF-21AA5B784D1A}.Release|x86.ActiveCfg = Release|Any CPU
		{D7645081-9C08-4D8B-84DF-21AA5B784D1A}.Release|x86.Build.0 = Release|Any CPU
		{032951F7-C628-48D7-B86F-733C6ADFED63}.Debug|Any CPU.ActiveCfg = Debug|Any CPU
		{032951F7-C628-48D7-B86F-733C6ADFED63}.Debug|Any CPU.Build.0 = Debug|Any CPU
		{032951F7-C628-48D7-B86F-733C6ADFED63}.Debug|x86.ActiveCfg = Debug|Any CPU
		{032951F7-C628-48D7-B86F-733C6ADFED63}.Debug|x86.Build.0 = Debug|Any CPU
		{032951F7-C628-48D7-B86F-733C6ADFED63}.Release|Any CPU.ActiveCfg = Release|Any CPU
		{032951F7-C628-48D7-B86F-733C6ADFED63}.Release|Any CPU.Build.0 = Release|Any CPU
		{032951F7-C628-48D7-B86F-733C6ADFED63}.Release|x86.ActiveCfg = Release|Any CPU
		{032951F7-C628-48D7-B86F-733C6ADFED63}.Release|x86.Build.0 = Release|Any CPU
		{10D29B0D-7736-4CA5-B793-2711AC02AC6C}.Debug|Any CPU.ActiveCfg = Debug|Any CPU
		{10D29B0D-7736-4CA5-B793-2711AC02AC6C}.Debug|Any CPU.Build.0 = Debug|Any CPU
		{10D29B0D-7736-4CA5-B793-2711AC02AC6C}.Debug|x86.ActiveCfg = Debug|Any CPU
		{10D29B0D-7736-4CA5-B793-2711AC02AC6C}.Debug|x86.Build.0 = Debug|Any CPU
		{10D29B0D-7736-4CA5-B793-2711AC02AC6C}.Release|Any CPU.ActiveCfg = Release|Any CPU
		{10D29B0D-7736-4CA5-B793-2711AC02AC6C}.Release|Any CPU.Build.0 = Release|Any CPU
		{10D29B0D-7736-4CA5-B793-2711AC02AC6C}.Release|x86.ActiveCfg = Release|Any CPU
		{10D29B0D-7736-4CA5-B793-2711AC02AC6C}.Release|x86.Build.0 = Release|Any CPU
		{8FAA332F-FD77-40C3-A6BF-9697785303DC}.Debug|Any CPU.ActiveCfg = Debug|Any CPU
		{8FAA332F-FD77-40C3-A6BF-9697785303DC}.Debug|Any CPU.Build.0 = Debug|Any CPU
		{8FAA332F-FD77-40C3-A6BF-9697785303DC}.Debug|x86.ActiveCfg = Debug|Any CPU
		{8FAA332F-FD77-40C3-A6BF-9697785303DC}.Debug|x86.Build.0 = Debug|Any CPU
		{8FAA332F-FD77-40C3-A6BF-9697785303DC}.Release|Any CPU.ActiveCfg = Release|Any CPU
		{8FAA332F-FD77-40C3-A6BF-9697785303DC}.Release|Any CPU.Build.0 = Release|Any CPU
		{8FAA332F-FD77-40C3-A6BF-9697785303DC}.Release|x86.ActiveCfg = Release|Any CPU
		{8FAA332F-FD77-40C3-A6BF-9697785303DC}.Release|x86.Build.0 = Release|Any CPU
		{DA263DDA-3CA3-4DAA-B100-9E75506A8090}.Debug|Any CPU.ActiveCfg = Debug|Any CPU
		{DA263DDA-3CA3-4DAA-B100-9E75506A8090}.Debug|Any CPU.Build.0 = Debug|Any CPU
		{DA263DDA-3CA3-4DAA-B100-9E75506A8090}.Debug|x86.ActiveCfg = Debug|Any CPU
		{DA263DDA-3CA3-4DAA-B100-9E75506A8090}.Debug|x86.Build.0 = Debug|Any CPU
		{DA263DDA-3CA3-4DAA-B100-9E75506A8090}.Release|Any CPU.ActiveCfg = Release|Any CPU
		{DA263DDA-3CA3-4DAA-B100-9E75506A8090}.Release|Any CPU.Build.0 = Release|Any CPU
		{DA263DDA-3CA3-4DAA-B100-9E75506A8090}.Release|x86.ActiveCfg = Release|Any CPU
		{DA263DDA-3CA3-4DAA-B100-9E75506A8090}.Release|x86.Build.0 = Release|Any CPU
		{D1C95D99-C89A-4663-B238-FB7192D9619F}.Debug|Any CPU.ActiveCfg = Debug|Any CPU
		{D1C95D99-C89A-4663-B238-FB7192D9619F}.Debug|Any CPU.Build.0 = Debug|Any CPU
		{D1C95D99-C89A-4663-B238-FB7192D9619F}.Debug|x86.ActiveCfg = Debug|Any CPU
		{D1C95D99-C89A-4663-B238-FB7192D9619F}.Debug|x86.Build.0 = Debug|Any CPU
		{D1C95D99-C89A-4663-B238-FB7192D9619F}.Release|Any CPU.ActiveCfg = Release|Any CPU
		{D1C95D99-C89A-4663-B238-FB7192D9619F}.Release|Any CPU.Build.0 = Release|Any CPU
		{D1C95D99-C89A-4663-B238-FB7192D9619F}.Release|x86.ActiveCfg = Release|Any CPU
		{D1C95D99-C89A-4663-B238-FB7192D9619F}.Release|x86.Build.0 = Release|Any CPU
		{F84CBA48-A722-4CB9-97EE-82B8B7A76CAF}.Debug|Any CPU.ActiveCfg = Debug|Any CPU
		{F84CBA48-A722-4CB9-97EE-82B8B7A76CAF}.Debug|Any CPU.Build.0 = Debug|Any CPU
		{F84CBA48-A722-4CB9-97EE-82B8B7A76CAF}.Debug|x86.ActiveCfg = Debug|Any CPU
		{F84CBA48-A722-4CB9-97EE-82B8B7A76CAF}.Debug|x86.Build.0 = Debug|Any CPU
		{F84CBA48-A722-4CB9-97EE-82B8B7A76CAF}.Release|Any CPU.ActiveCfg = Release|Any CPU
		{F84CBA48-A722-4CB9-97EE-82B8B7A76CAF}.Release|Any CPU.Build.0 = Release|Any CPU
		{F84CBA48-A722-4CB9-97EE-82B8B7A76CAF}.Release|x86.ActiveCfg = Release|Any CPU
		{F84CBA48-A722-4CB9-97EE-82B8B7A76CAF}.Release|x86.Build.0 = Release|Any CPU
		{DCBC31AC-C332-405E-A2E5-431CDE824A4D}.Debug|Any CPU.ActiveCfg = Debug|Any CPU
		{DCBC31AC-C332-405E-A2E5-431CDE824A4D}.Debug|Any CPU.Build.0 = Debug|Any CPU
		{DCBC31AC-C332-405E-A2E5-431CDE824A4D}.Debug|x86.ActiveCfg = Debug|Any CPU
		{DCBC31AC-C332-405E-A2E5-431CDE824A4D}.Debug|x86.Build.0 = Debug|Any CPU
		{DCBC31AC-C332-405E-A2E5-431CDE824A4D}.Release|Any CPU.ActiveCfg = Release|Any CPU
		{DCBC31AC-C332-405E-A2E5-431CDE824A4D}.Release|Any CPU.Build.0 = Release|Any CPU
		{DCBC31AC-C332-405E-A2E5-431CDE824A4D}.Release|x86.ActiveCfg = Release|Any CPU
		{DCBC31AC-C332-405E-A2E5-431CDE824A4D}.Release|x86.Build.0 = Release|Any CPU
		{1948C621-AB03-4E79-90AC-7D55E0CBFBF1}.Debug|Any CPU.ActiveCfg = Debug|Any CPU
		{1948C621-AB03-4E79-90AC-7D55E0CBFBF1}.Debug|Any CPU.Build.0 = Debug|Any CPU
		{1948C621-AB03-4E79-90AC-7D55E0CBFBF1}.Debug|x86.ActiveCfg = Debug|Any CPU
		{1948C621-AB03-4E79-90AC-7D55E0CBFBF1}.Debug|x86.Build.0 = Debug|Any CPU
		{1948C621-AB03-4E79-90AC-7D55E0CBFBF1}.Release|Any CPU.ActiveCfg = Release|Any CPU
		{1948C621-AB03-4E79-90AC-7D55E0CBFBF1}.Release|Any CPU.Build.0 = Release|Any CPU
		{1948C621-AB03-4E79-90AC-7D55E0CBFBF1}.Release|x86.ActiveCfg = Release|Any CPU
		{1948C621-AB03-4E79-90AC-7D55E0CBFBF1}.Release|x86.Build.0 = Release|Any CPU
		{B518D01B-314A-4F4F-83E3-5DB4F12AEC9A}.Debug|Any CPU.ActiveCfg = Debug|Any CPU
		{B518D01B-314A-4F4F-83E3-5DB4F12AEC9A}.Debug|Any CPU.Build.0 = Debug|Any CPU
		{B518D01B-314A-4F4F-83E3-5DB4F12AEC9A}.Debug|x86.ActiveCfg = Debug|Any CPU
		{B518D01B-314A-4F4F-83E3-5DB4F12AEC9A}.Debug|x86.Build.0 = Debug|Any CPU
		{B518D01B-314A-4F4F-83E3-5DB4F12AEC9A}.Release|Any CPU.ActiveCfg = Release|Any CPU
		{B518D01B-314A-4F4F-83E3-5DB4F12AEC9A}.Release|Any CPU.Build.0 = Release|Any CPU
		{B518D01B-314A-4F4F-83E3-5DB4F12AEC9A}.Release|x86.ActiveCfg = Release|Any CPU
		{B518D01B-314A-4F4F-83E3-5DB4F12AEC9A}.Release|x86.Build.0 = Release|Any CPU
		{DC4384D9-A60B-426E-BA2F-97F46FCBCC47}.Debug|Any CPU.ActiveCfg = Debug|Any CPU
		{DC4384D9-A60B-426E-BA2F-97F46FCBCC47}.Debug|Any CPU.Build.0 = Debug|Any CPU
		{DC4384D9-A60B-426E-BA2F-97F46FCBCC47}.Debug|x86.ActiveCfg = Debug|Any CPU
		{DC4384D9-A60B-426E-BA2F-97F46FCBCC47}.Debug|x86.Build.0 = Debug|Any CPU
		{DC4384D9-A60B-426E-BA2F-97F46FCBCC47}.Release|Any CPU.ActiveCfg = Release|Any CPU
		{DC4384D9-A60B-426E-BA2F-97F46FCBCC47}.Release|Any CPU.Build.0 = Release|Any CPU
		{DC4384D9-A60B-426E-BA2F-97F46FCBCC47}.Release|x86.ActiveCfg = Release|Any CPU
		{DC4384D9-A60B-426E-BA2F-97F46FCBCC47}.Release|x86.Build.0 = Release|Any CPU
		{9892B920-ADF6-4BF5-9285-32BD393EC1DC}.Debug|Any CPU.ActiveCfg = Debug|Any CPU
		{9892B920-ADF6-4BF5-9285-32BD393EC1DC}.Debug|Any CPU.Build.0 = Debug|Any CPU
		{9892B920-ADF6-4BF5-9285-32BD393EC1DC}.Debug|x86.ActiveCfg = Debug|Any CPU
		{9892B920-ADF6-4BF5-9285-32BD393EC1DC}.Debug|x86.Build.0 = Debug|Any CPU
		{9892B920-ADF6-4BF5-9285-32BD393EC1DC}.Release|Any CPU.ActiveCfg = Release|Any CPU
		{9892B920-ADF6-4BF5-9285-32BD393EC1DC}.Release|Any CPU.Build.0 = Release|Any CPU
		{9892B920-ADF6-4BF5-9285-32BD393EC1DC}.Release|x86.ActiveCfg = Release|Any CPU
		{9892B920-ADF6-4BF5-9285-32BD393EC1DC}.Release|x86.Build.0 = Release|Any CPU
		{39D33B78-EBB5-47CE-9797-454583821D24}.Debug|Any CPU.ActiveCfg = Debug|Any CPU
		{39D33B78-EBB5-47CE-9797-454583821D24}.Debug|Any CPU.Build.0 = Debug|Any CPU
		{39D33B78-EBB5-47CE-9797-454583821D24}.Debug|x86.ActiveCfg = Debug|Any CPU
		{39D33B78-EBB5-47CE-9797-454583821D24}.Debug|x86.Build.0 = Debug|Any CPU
		{39D33B78-EBB5-47CE-9797-454583821D24}.Release|Any CPU.ActiveCfg = Release|Any CPU
		{39D33B78-EBB5-47CE-9797-454583821D24}.Release|Any CPU.Build.0 = Release|Any CPU
		{39D33B78-EBB5-47CE-9797-454583821D24}.Release|x86.ActiveCfg = Release|Any CPU
		{39D33B78-EBB5-47CE-9797-454583821D24}.Release|x86.Build.0 = Release|Any CPU
		{DF2D9DFD-9B00-4B8F-93EE-3C3536649E2C}.Debug|Any CPU.ActiveCfg = Debug|Any CPU
		{DF2D9DFD-9B00-4B8F-93EE-3C3536649E2C}.Debug|Any CPU.Build.0 = Debug|Any CPU
		{DF2D9DFD-9B00-4B8F-93EE-3C3536649E2C}.Debug|x86.ActiveCfg = Debug|Any CPU
		{DF2D9DFD-9B00-4B8F-93EE-3C3536649E2C}.Debug|x86.Build.0 = Debug|Any CPU
		{DF2D9DFD-9B00-4B8F-93EE-3C3536649E2C}.Release|Any CPU.ActiveCfg = Release|Any CPU
		{DF2D9DFD-9B00-4B8F-93EE-3C3536649E2C}.Release|Any CPU.Build.0 = Release|Any CPU
		{DF2D9DFD-9B00-4B8F-93EE-3C3536649E2C}.Release|x86.ActiveCfg = Release|Any CPU
		{DF2D9DFD-9B00-4B8F-93EE-3C3536649E2C}.Release|x86.Build.0 = Release|Any CPU
		{A4F3CAF6-6ADD-4048-BC3A-A6BDAFC501B6}.Debug|Any CPU.ActiveCfg = Debug|Any CPU
		{A4F3CAF6-6ADD-4048-BC3A-A6BDAFC501B6}.Debug|Any CPU.Build.0 = Debug|Any CPU
		{A4F3CAF6-6ADD-4048-BC3A-A6BDAFC501B6}.Debug|x86.ActiveCfg = Debug|Any CPU
		{A4F3CAF6-6ADD-4048-BC3A-A6BDAFC501B6}.Debug|x86.Build.0 = Debug|Any CPU
		{A4F3CAF6-6ADD-4048-BC3A-A6BDAFC501B6}.Release|Any CPU.ActiveCfg = Release|Any CPU
		{A4F3CAF6-6ADD-4048-BC3A-A6BDAFC501B6}.Release|Any CPU.Build.0 = Release|Any CPU
		{A4F3CAF6-6ADD-4048-BC3A-A6BDAFC501B6}.Release|x86.ActiveCfg = Release|Any CPU
		{A4F3CAF6-6ADD-4048-BC3A-A6BDAFC501B6}.Release|x86.Build.0 = Release|Any CPU
		{E58D0E86-7996-4408-8FDA-11CB4916935A}.Debug|Any CPU.ActiveCfg = Debug|Any CPU
		{E58D0E86-7996-4408-8FDA-11CB4916935A}.Debug|Any CPU.Build.0 = Debug|Any CPU
		{E58D0E86-7996-4408-8FDA-11CB4916935A}.Debug|x86.ActiveCfg = Debug|Any CPU
		{E58D0E86-7996-4408-8FDA-11CB4916935A}.Debug|x86.Build.0 = Debug|Any CPU
		{E58D0E86-7996-4408-8FDA-11CB4916935A}.Release|Any CPU.ActiveCfg = Release|Any CPU
		{E58D0E86-7996-4408-8FDA-11CB4916935A}.Release|Any CPU.Build.0 = Release|Any CPU
		{E58D0E86-7996-4408-8FDA-11CB4916935A}.Release|x86.ActiveCfg = Release|Any CPU
		{E58D0E86-7996-4408-8FDA-11CB4916935A}.Release|x86.Build.0 = Release|Any CPU
		{CC494313-4A1C-4DAA-899A-37AA03AB7413}.Debug|Any CPU.ActiveCfg = Debug|Any CPU
		{CC494313-4A1C-4DAA-899A-37AA03AB7413}.Debug|Any CPU.Build.0 = Debug|Any CPU
		{CC494313-4A1C-4DAA-899A-37AA03AB7413}.Debug|x86.ActiveCfg = Debug|Any CPU
		{CC494313-4A1C-4DAA-899A-37AA03AB7413}.Debug|x86.Build.0 = Debug|Any CPU
		{CC494313-4A1C-4DAA-899A-37AA03AB7413}.Release|Any CPU.ActiveCfg = Release|Any CPU
		{CC494313-4A1C-4DAA-899A-37AA03AB7413}.Release|Any CPU.Build.0 = Release|Any CPU
		{CC494313-4A1C-4DAA-899A-37AA03AB7413}.Release|x86.ActiveCfg = Release|Any CPU
		{CC494313-4A1C-4DAA-899A-37AA03AB7413}.Release|x86.Build.0 = Release|Any CPU
		{269EF299-F0A6-4FEA-AB50-0865348DD7C2}.Debug|Any CPU.ActiveCfg = Debug|Any CPU
		{269EF299-F0A6-4FEA-AB50-0865348DD7C2}.Debug|Any CPU.Build.0 = Debug|Any CPU
		{269EF299-F0A6-4FEA-AB50-0865348DD7C2}.Debug|x86.ActiveCfg = Debug|Any CPU
		{269EF299-F0A6-4FEA-AB50-0865348DD7C2}.Debug|x86.Build.0 = Debug|Any CPU
		{269EF299-F0A6-4FEA-AB50-0865348DD7C2}.Release|Any CPU.ActiveCfg = Release|Any CPU
		{269EF299-F0A6-4FEA-AB50-0865348DD7C2}.Release|Any CPU.Build.0 = Release|Any CPU
		{269EF299-F0A6-4FEA-AB50-0865348DD7C2}.Release|x86.ActiveCfg = Release|Any CPU
		{269EF299-F0A6-4FEA-AB50-0865348DD7C2}.Release|x86.Build.0 = Release|Any CPU
		{7797DD1C-6F22-49C1-93F1-A9D6620F9054}.Debug|Any CPU.ActiveCfg = Debug|x86
		{7797DD1C-6F22-49C1-93F1-A9D6620F9054}.Debug|x86.ActiveCfg = Debug|x86
		{7797DD1C-6F22-49C1-93F1-A9D6620F9054}.Debug|x86.Build.0 = Debug|x86
		{7797DD1C-6F22-49C1-93F1-A9D6620F9054}.Release|Any CPU.ActiveCfg = Release|x86
		{7797DD1C-6F22-49C1-93F1-A9D6620F9054}.Release|x86.ActiveCfg = Release|x86
		{7797DD1C-6F22-49C1-93F1-A9D6620F9054}.Release|x86.Build.0 = Release|x86
		{7071BF40-544F-4585-93D5-E8ED0743E1CE}.Debug|Any CPU.ActiveCfg = Debug|Any CPU
		{7071BF40-544F-4585-93D5-E8ED0743E1CE}.Debug|Any CPU.Build.0 = Debug|Any CPU
		{7071BF40-544F-4585-93D5-E8ED0743E1CE}.Debug|x86.ActiveCfg = Debug|Any CPU
		{7071BF40-544F-4585-93D5-E8ED0743E1CE}.Debug|x86.Build.0 = Debug|Any CPU
		{7071BF40-544F-4585-93D5-E8ED0743E1CE}.Release|Any CPU.ActiveCfg = Release|Any CPU
		{7071BF40-544F-4585-93D5-E8ED0743E1CE}.Release|Any CPU.Build.0 = Release|Any CPU
		{7071BF40-544F-4585-93D5-E8ED0743E1CE}.Release|x86.ActiveCfg = Release|Any CPU
		{7071BF40-544F-4585-93D5-E8ED0743E1CE}.Release|x86.Build.0 = Release|Any CPU
		{2AAEF66E-2AD6-4CB1-A8B1-20C965D3801B}.Debug|Any CPU.ActiveCfg = Debug|Any CPU
		{2AAEF66E-2AD6-4CB1-A8B1-20C965D3801B}.Debug|Any CPU.Build.0 = Debug|Any CPU
		{2AAEF66E-2AD6-4CB1-A8B1-20C965D3801B}.Debug|x86.ActiveCfg = Debug|Any CPU
		{2AAEF66E-2AD6-4CB1-A8B1-20C965D3801B}.Debug|x86.Build.0 = Debug|Any CPU
		{2AAEF66E-2AD6-4CB1-A8B1-20C965D3801B}.Release|Any CPU.ActiveCfg = Release|Any CPU
		{2AAEF66E-2AD6-4CB1-A8B1-20C965D3801B}.Release|Any CPU.Build.0 = Release|Any CPU
		{2AAEF66E-2AD6-4CB1-A8B1-20C965D3801B}.Release|x86.ActiveCfg = Release|Any CPU
		{2AAEF66E-2AD6-4CB1-A8B1-20C965D3801B}.Release|x86.Build.0 = Release|Any CPU
		{D659074D-097A-49E8-9D3F-1517C3363070}.Debug|Any CPU.ActiveCfg = Debug|Any CPU
		{D659074D-097A-49E8-9D3F-1517C3363070}.Debug|Any CPU.Build.0 = Debug|Any CPU
		{D659074D-097A-49E8-9D3F-1517C3363070}.Debug|x86.ActiveCfg = Debug|Any CPU
		{D659074D-097A-49E8-9D3F-1517C3363070}.Debug|x86.Build.0 = Debug|Any CPU
		{D659074D-097A-49E8-9D3F-1517C3363070}.Release|Any CPU.ActiveCfg = Release|Any CPU
		{D659074D-097A-49E8-9D3F-1517C3363070}.Release|Any CPU.Build.0 = Release|Any CPU
		{D659074D-097A-49E8-9D3F-1517C3363070}.Release|x86.ActiveCfg = Release|Any CPU
		{D659074D-097A-49E8-9D3F-1517C3363070}.Release|x86.Build.0 = Release|Any CPU
		{1EA4575C-53D0-43A1-A760-E4933424145D}.Debug|Any CPU.ActiveCfg = Debug|Any CPU
		{1EA4575C-53D0-43A1-A760-E4933424145D}.Debug|Any CPU.Build.0 = Debug|Any CPU
		{1EA4575C-53D0-43A1-A760-E4933424145D}.Debug|x86.ActiveCfg = Debug|Any CPU
		{1EA4575C-53D0-43A1-A760-E4933424145D}.Debug|x86.Build.0 = Debug|Any CPU
		{1EA4575C-53D0-43A1-A760-E4933424145D}.Release|Any CPU.ActiveCfg = Release|Any CPU
		{1EA4575C-53D0-43A1-A760-E4933424145D}.Release|Any CPU.Build.0 = Release|Any CPU
		{1EA4575C-53D0-43A1-A760-E4933424145D}.Release|x86.ActiveCfg = Release|Any CPU
		{1EA4575C-53D0-43A1-A760-E4933424145D}.Release|x86.Build.0 = Release|Any CPU
		{394C08BF-2598-484E-A0E1-B6581CF75B6E}.Debug|Any CPU.ActiveCfg = Debug|Any CPU
		{394C08BF-2598-484E-A0E1-B6581CF75B6E}.Debug|Any CPU.Build.0 = Debug|Any CPU
		{394C08BF-2598-484E-A0E1-B6581CF75B6E}.Debug|x86.ActiveCfg = Debug|Any CPU
		{394C08BF-2598-484E-A0E1-B6581CF75B6E}.Debug|x86.Build.0 = Debug|Any CPU
		{394C08BF-2598-484E-A0E1-B6581CF75B6E}.Release|Any CPU.ActiveCfg = Release|Any CPU
		{394C08BF-2598-484E-A0E1-B6581CF75B6E}.Release|Any CPU.Build.0 = Release|Any CPU
		{394C08BF-2598-484E-A0E1-B6581CF75B6E}.Release|x86.ActiveCfg = Release|Any CPU
		{394C08BF-2598-484E-A0E1-B6581CF75B6E}.Release|x86.Build.0 = Release|Any CPU
		{7EEFFB29-3D99-42BA-B55D-AEFFEB9BC778}.Debug|Any CPU.ActiveCfg = Debug|Any CPU
		{7EEFFB29-3D99-42BA-B55D-AEFFEB9BC778}.Debug|Any CPU.Build.0 = Debug|Any CPU
		{7EEFFB29-3D99-42BA-B55D-AEFFEB9BC778}.Debug|x86.ActiveCfg = Debug|Any CPU
		{7EEFFB29-3D99-42BA-B55D-AEFFEB9BC778}.Debug|x86.Build.0 = Debug|Any CPU
		{7EEFFB29-3D99-42BA-B55D-AEFFEB9BC778}.Release|Any CPU.ActiveCfg = Release|Any CPU
		{7EEFFB29-3D99-42BA-B55D-AEFFEB9BC778}.Release|Any CPU.Build.0 = Release|Any CPU
		{7EEFFB29-3D99-42BA-B55D-AEFFEB9BC778}.Release|x86.ActiveCfg = Release|Any CPU
		{7EEFFB29-3D99-42BA-B55D-AEFFEB9BC778}.Release|x86.Build.0 = Release|Any CPU
		{DAD79EB5-2855-49C6-AF62-DA4DE0A1E4BC}.Debug|Any CPU.ActiveCfg = Debug|Any CPU
		{DAD79EB5-2855-49C6-AF62-DA4DE0A1E4BC}.Debug|Any CPU.Build.0 = Debug|Any CPU
		{DAD79EB5-2855-49C6-AF62-DA4DE0A1E4BC}.Debug|x86.ActiveCfg = Debug|Any CPU
		{DAD79EB5-2855-49C6-AF62-DA4DE0A1E4BC}.Debug|x86.Build.0 = Debug|Any CPU
		{DAD79EB5-2855-49C6-AF62-DA4DE0A1E4BC}.Release|Any CPU.ActiveCfg = Release|Any CPU
		{DAD79EB5-2855-49C6-AF62-DA4DE0A1E4BC}.Release|Any CPU.Build.0 = Release|Any CPU
		{DAD79EB5-2855-49C6-AF62-DA4DE0A1E4BC}.Release|x86.ActiveCfg = Release|Any CPU
		{DAD79EB5-2855-49C6-AF62-DA4DE0A1E4BC}.Release|x86.Build.0 = Release|Any CPU
		{162D29CA-E233-4CB3-B744-464CE324CD4C}.Debug|Any CPU.ActiveCfg = Debug|Any CPU
		{162D29CA-E233-4CB3-B744-464CE324CD4C}.Debug|Any CPU.Build.0 = Debug|Any CPU
		{162D29CA-E233-4CB3-B744-464CE324CD4C}.Debug|x86.ActiveCfg = Debug|Any CPU
		{162D29CA-E233-4CB3-B744-464CE324CD4C}.Debug|x86.Build.0 = Debug|Any CPU
		{162D29CA-E233-4CB3-B744-464CE324CD4C}.Release|Any CPU.ActiveCfg = Release|Any CPU
		{162D29CA-E233-4CB3-B744-464CE324CD4C}.Release|Any CPU.Build.0 = Release|Any CPU
		{162D29CA-E233-4CB3-B744-464CE324CD4C}.Release|x86.ActiveCfg = Release|Any CPU
		{162D29CA-E233-4CB3-B744-464CE324CD4C}.Release|x86.Build.0 = Release|Any CPU
		{E8F33CCE-4A7E-4058-B87D-CD9A267D40BB}.Debug|Any CPU.ActiveCfg = Debug|Any CPU
		{E8F33CCE-4A7E-4058-B87D-CD9A267D40BB}.Debug|Any CPU.Build.0 = Debug|Any CPU
		{E8F33CCE-4A7E-4058-B87D-CD9A267D40BB}.Debug|x86.ActiveCfg = Debug|Any CPU
		{E8F33CCE-4A7E-4058-B87D-CD9A267D40BB}.Debug|x86.Build.0 = Debug|Any CPU
		{E8F33CCE-4A7E-4058-B87D-CD9A267D40BB}.Release|Any CPU.ActiveCfg = Release|Any CPU
		{E8F33CCE-4A7E-4058-B87D-CD9A267D40BB}.Release|Any CPU.Build.0 = Release|Any CPU
		{E8F33CCE-4A7E-4058-B87D-CD9A267D40BB}.Release|x86.ActiveCfg = Release|Any CPU
		{E8F33CCE-4A7E-4058-B87D-CD9A267D40BB}.Release|x86.Build.0 = Release|Any CPU
		{F9FDCDF7-4B0C-4D61-953A-76A6FC221354}.Debug|Any CPU.ActiveCfg = Debug|Any CPU
		{F9FDCDF7-4B0C-4D61-953A-76A6FC221354}.Debug|Any CPU.Build.0 = Debug|Any CPU
		{F9FDCDF7-4B0C-4D61-953A-76A6FC221354}.Debug|x86.ActiveCfg = Debug|Any CPU
		{F9FDCDF7-4B0C-4D61-953A-76A6FC221354}.Debug|x86.Build.0 = Debug|Any CPU
		{F9FDCDF7-4B0C-4D61-953A-76A6FC221354}.Release|Any CPU.ActiveCfg = Release|Any CPU
		{F9FDCDF7-4B0C-4D61-953A-76A6FC221354}.Release|Any CPU.Build.0 = Release|Any CPU
		{F9FDCDF7-4B0C-4D61-953A-76A6FC221354}.Release|x86.ActiveCfg = Release|Any CPU
		{F9FDCDF7-4B0C-4D61-953A-76A6FC221354}.Release|x86.Build.0 = Release|Any CPU
		{2578F51C-8876-4131-8D2D-FBE7ACE410A7}.Debug|Any CPU.ActiveCfg = Debug|Any CPU
		{2578F51C-8876-4131-8D2D-FBE7ACE410A7}.Debug|Any CPU.Build.0 = Debug|Any CPU
		{2578F51C-8876-4131-8D2D-FBE7ACE410A7}.Debug|x86.ActiveCfg = Debug|Any CPU
		{2578F51C-8876-4131-8D2D-FBE7ACE410A7}.Debug|x86.Build.0 = Debug|Any CPU
		{2578F51C-8876-4131-8D2D-FBE7ACE410A7}.Release|Any CPU.ActiveCfg = Release|Any CPU
		{2578F51C-8876-4131-8D2D-FBE7ACE410A7}.Release|Any CPU.Build.0 = Release|Any CPU
		{2578F51C-8876-4131-8D2D-FBE7ACE410A7}.Release|x86.ActiveCfg = Release|Any CPU
		{2578F51C-8876-4131-8D2D-FBE7ACE410A7}.Release|x86.Build.0 = Release|Any CPU
		{E448D580-CE3E-4DE0-8D1D-E695F6E5111F}.Debug|Any CPU.ActiveCfg = Debug|Any CPU
		{E448D580-CE3E-4DE0-8D1D-E695F6E5111F}.Debug|Any CPU.Build.0 = Debug|Any CPU
		{E448D580-CE3E-4DE0-8D1D-E695F6E5111F}.Debug|x86.ActiveCfg = Debug|Any CPU
		{E448D580-CE3E-4DE0-8D1D-E695F6E5111F}.Debug|x86.Build.0 = Debug|Any CPU
		{E448D580-CE3E-4DE0-8D1D-E695F6E5111F}.Release|Any CPU.ActiveCfg = Release|Any CPU
		{E448D580-CE3E-4DE0-8D1D-E695F6E5111F}.Release|Any CPU.Build.0 = Release|Any CPU
		{E448D580-CE3E-4DE0-8D1D-E695F6E5111F}.Release|x86.ActiveCfg = Release|Any CPU
		{E448D580-CE3E-4DE0-8D1D-E695F6E5111F}.Release|x86.Build.0 = Release|Any CPU
		{DA5888F4-07B1-483A-AB3A-33C55564F6C5}.Debug|Any CPU.ActiveCfg = Debug|Any CPU
		{DA5888F4-07B1-483A-AB3A-33C55564F6C5}.Debug|Any CPU.Build.0 = Debug|Any CPU
		{DA5888F4-07B1-483A-AB3A-33C55564F6C5}.Debug|x86.ActiveCfg = Debug|Any CPU
		{DA5888F4-07B1-483A-AB3A-33C55564F6C5}.Debug|x86.Build.0 = Debug|Any CPU
		{DA5888F4-07B1-483A-AB3A-33C55564F6C5}.Release|Any CPU.ActiveCfg = Release|Any CPU
		{DA5888F4-07B1-483A-AB3A-33C55564F6C5}.Release|Any CPU.Build.0 = Release|Any CPU
		{DA5888F4-07B1-483A-AB3A-33C55564F6C5}.Release|x86.ActiveCfg = Release|Any CPU
		{DA5888F4-07B1-483A-AB3A-33C55564F6C5}.Release|x86.Build.0 = Release|Any CPU
		{62775467-6813-490A-B778-C86775BAEAB7}.Debug|Any CPU.ActiveCfg = Debug|Any CPU
		{62775467-6813-490A-B778-C86775BAEAB7}.Debug|Any CPU.Build.0 = Debug|Any CPU
		{62775467-6813-490A-B778-C86775BAEAB7}.Debug|x86.ActiveCfg = Debug|Any CPU
		{62775467-6813-490A-B778-C86775BAEAB7}.Debug|x86.Build.0 = Debug|Any CPU
		{62775467-6813-490A-B778-C86775BAEAB7}.Release|Any CPU.ActiveCfg = Release|Any CPU
		{62775467-6813-490A-B778-C86775BAEAB7}.Release|Any CPU.Build.0 = Release|Any CPU
		{62775467-6813-490A-B778-C86775BAEAB7}.Release|x86.ActiveCfg = Release|Any CPU
		{62775467-6813-490A-B778-C86775BAEAB7}.Release|x86.Build.0 = Release|Any CPU
		{7693D6B2-468F-4CFC-A14E-EF7AD8CAFE93}.Debug|Any CPU.ActiveCfg = Debug|Any CPU
		{7693D6B2-468F-4CFC-A14E-EF7AD8CAFE93}.Debug|Any CPU.Build.0 = Debug|Any CPU
		{7693D6B2-468F-4CFC-A14E-EF7AD8CAFE93}.Debug|x86.ActiveCfg = Debug|Any CPU
		{7693D6B2-468F-4CFC-A14E-EF7AD8CAFE93}.Debug|x86.Build.0 = Debug|Any CPU
		{7693D6B2-468F-4CFC-A14E-EF7AD8CAFE93}.Release|Any CPU.ActiveCfg = Release|Any CPU
		{7693D6B2-468F-4CFC-A14E-EF7AD8CAFE93}.Release|Any CPU.Build.0 = Release|Any CPU
		{7693D6B2-468F-4CFC-A14E-EF7AD8CAFE93}.Release|x86.ActiveCfg = Release|Any CPU
		{7693D6B2-468F-4CFC-A14E-EF7AD8CAFE93}.Release|x86.Build.0 = Release|Any CPU
		{5318E2A1-C4DD-41BA-8424-2ECD0191A59C}.Debug|Any CPU.ActiveCfg = Debug|Any CPU
		{5318E2A1-C4DD-41BA-8424-2ECD0191A59C}.Debug|Any CPU.Build.0 = Debug|Any CPU
		{5318E2A1-C4DD-41BA-8424-2ECD0191A59C}.Debug|x86.ActiveCfg = Debug|Any CPU
		{5318E2A1-C4DD-41BA-8424-2ECD0191A59C}.Debug|x86.Build.0 = Debug|Any CPU
		{5318E2A1-C4DD-41BA-8424-2ECD0191A59C}.Release|Any CPU.ActiveCfg = Release|Any CPU
		{5318E2A1-C4DD-41BA-8424-2ECD0191A59C}.Release|Any CPU.Build.0 = Release|Any CPU
		{5318E2A1-C4DD-41BA-8424-2ECD0191A59C}.Release|x86.ActiveCfg = Release|Any CPU
		{5318E2A1-C4DD-41BA-8424-2ECD0191A59C}.Release|x86.Build.0 = Release|Any CPU
		{D84DB7A5-A73D-4D76-8270-2C63CE45154D}.Debug|Any CPU.ActiveCfg = Debug|Any CPU
		{D84DB7A5-A73D-4D76-8270-2C63CE45154D}.Debug|Any CPU.Build.0 = Debug|Any CPU
		{D84DB7A5-A73D-4D76-8270-2C63CE45154D}.Debug|x86.ActiveCfg = Debug|Any CPU
		{D84DB7A5-A73D-4D76-8270-2C63CE45154D}.Debug|x86.Build.0 = Debug|Any CPU
		{D84DB7A5-A73D-4D76-8270-2C63CE45154D}.Release|Any CPU.ActiveCfg = Release|Any CPU
		{D84DB7A5-A73D-4D76-8270-2C63CE45154D}.Release|Any CPU.Build.0 = Release|Any CPU
		{D84DB7A5-A73D-4D76-8270-2C63CE45154D}.Release|x86.ActiveCfg = Release|Any CPU
		{D84DB7A5-A73D-4D76-8270-2C63CE45154D}.Release|x86.Build.0 = Release|Any CPU
		{4FB68783-4137-444F-927C-1BD82884D5E5}.Debug|Any CPU.ActiveCfg = Debug|Any CPU
		{4FB68783-4137-444F-927C-1BD82884D5E5}.Debug|Any CPU.Build.0 = Debug|Any CPU
		{4FB68783-4137-444F-927C-1BD82884D5E5}.Debug|x86.ActiveCfg = Debug|Any CPU
		{4FB68783-4137-444F-927C-1BD82884D5E5}.Debug|x86.Build.0 = Debug|Any CPU
		{4FB68783-4137-444F-927C-1BD82884D5E5}.Release|Any CPU.ActiveCfg = Release|Any CPU
		{4FB68783-4137-444F-927C-1BD82884D5E5}.Release|Any CPU.Build.0 = Release|Any CPU
		{4FB68783-4137-444F-927C-1BD82884D5E5}.Release|x86.ActiveCfg = Release|Any CPU
		{4FB68783-4137-444F-927C-1BD82884D5E5}.Release|x86.Build.0 = Release|Any CPU
		{E6318C02-7A83-41F1-83F8-8A760E28EE6A}.Debug|Any CPU.ActiveCfg = Debug|Any CPU
		{E6318C02-7A83-41F1-83F8-8A760E28EE6A}.Debug|Any CPU.Build.0 = Debug|Any CPU
		{E6318C02-7A83-41F1-83F8-8A760E28EE6A}.Debug|x86.ActiveCfg = Debug|Any CPU
		{E6318C02-7A83-41F1-83F8-8A760E28EE6A}.Debug|x86.Build.0 = Debug|Any CPU
		{E6318C02-7A83-41F1-83F8-8A760E28EE6A}.Release|Any CPU.ActiveCfg = Release|Any CPU
		{E6318C02-7A83-41F1-83F8-8A760E28EE6A}.Release|Any CPU.Build.0 = Release|Any CPU
		{E6318C02-7A83-41F1-83F8-8A760E28EE6A}.Release|x86.ActiveCfg = Release|Any CPU
		{E6318C02-7A83-41F1-83F8-8A760E28EE6A}.Release|x86.Build.0 = Release|Any CPU
		{066BA93E-53F1-4A52-B3DA-F04DC35EFCE7}.Debug|Any CPU.ActiveCfg = Debug|Any CPU
		{066BA93E-53F1-4A52-B3DA-F04DC35EFCE7}.Debug|Any CPU.Build.0 = Debug|Any CPU
		{066BA93E-53F1-4A52-B3DA-F04DC35EFCE7}.Debug|x86.ActiveCfg = Debug|Any CPU
		{066BA93E-53F1-4A52-B3DA-F04DC35EFCE7}.Debug|x86.Build.0 = Debug|Any CPU
		{066BA93E-53F1-4A52-B3DA-F04DC35EFCE7}.Release|Any CPU.ActiveCfg = Release|Any CPU
		{066BA93E-53F1-4A52-B3DA-F04DC35EFCE7}.Release|Any CPU.Build.0 = Release|Any CPU
		{066BA93E-53F1-4A52-B3DA-F04DC35EFCE7}.Release|x86.ActiveCfg = Release|Any CPU
		{066BA93E-53F1-4A52-B3DA-F04DC35EFCE7}.Release|x86.Build.0 = Release|Any CPU
		{4AA4F476-F334-4BC8-8985-F2470CBEA361}.Debug|Any CPU.ActiveCfg = Debug|Any CPU
		{4AA4F476-F334-4BC8-8985-F2470CBEA361}.Debug|Any CPU.Build.0 = Debug|Any CPU
		{4AA4F476-F334-4BC8-8985-F2470CBEA361}.Debug|x86.ActiveCfg = Debug|Any CPU
		{4AA4F476-F334-4BC8-8985-F2470CBEA361}.Debug|x86.Build.0 = Debug|Any CPU
		{4AA4F476-F334-4BC8-8985-F2470CBEA361}.Release|Any CPU.ActiveCfg = Release|Any CPU
		{4AA4F476-F334-4BC8-8985-F2470CBEA361}.Release|Any CPU.Build.0 = Release|Any CPU
		{4AA4F476-F334-4BC8-8985-F2470CBEA361}.Release|x86.ActiveCfg = Release|Any CPU
		{4AA4F476-F334-4BC8-8985-F2470CBEA361}.Release|x86.Build.0 = Release|Any CPU
		{6EAF66E0-47EA-482D-8207-F6BBA9ADDD82}.Debug|Any CPU.ActiveCfg = Debug|Any CPU
		{6EAF66E0-47EA-482D-8207-F6BBA9ADDD82}.Debug|Any CPU.Build.0 = Debug|Any CPU
		{6EAF66E0-47EA-482D-8207-F6BBA9ADDD82}.Debug|x86.ActiveCfg = Debug|Any CPU
		{6EAF66E0-47EA-482D-8207-F6BBA9ADDD82}.Debug|x86.Build.0 = Debug|Any CPU
		{6EAF66E0-47EA-482D-8207-F6BBA9ADDD82}.Release|Any CPU.ActiveCfg = Release|Any CPU
		{6EAF66E0-47EA-482D-8207-F6BBA9ADDD82}.Release|Any CPU.Build.0 = Release|Any CPU
		{6EAF66E0-47EA-482D-8207-F6BBA9ADDD82}.Release|x86.ActiveCfg = Release|Any CPU
		{6EAF66E0-47EA-482D-8207-F6BBA9ADDD82}.Release|x86.Build.0 = Release|Any CPU
		{E6EE333D-A69F-428F-846C-E69F672C80BD}.Debug|Any CPU.ActiveCfg = Debug|Any CPU
		{E6EE333D-A69F-428F-846C-E69F672C80BD}.Debug|Any CPU.Build.0 = Debug|Any CPU
		{E6EE333D-A69F-428F-846C-E69F672C80BD}.Debug|x86.ActiveCfg = Debug|Any CPU
		{E6EE333D-A69F-428F-846C-E69F672C80BD}.Debug|x86.Build.0 = Debug|Any CPU
		{E6EE333D-A69F-428F-846C-E69F672C80BD}.Release|Any CPU.ActiveCfg = Release|Any CPU
		{E6EE333D-A69F-428F-846C-E69F672C80BD}.Release|Any CPU.Build.0 = Release|Any CPU
		{E6EE333D-A69F-428F-846C-E69F672C80BD}.Release|x86.ActiveCfg = Release|Any CPU
		{E6EE333D-A69F-428F-846C-E69F672C80BD}.Release|x86.Build.0 = Release|Any CPU
		{EA03CD54-2280-45F2-873D-671298FB5B66}.Debug|Any CPU.ActiveCfg = Debug|Any CPU
		{EA03CD54-2280-45F2-873D-671298FB5B66}.Debug|Any CPU.Build.0 = Debug|Any CPU
		{EA03CD54-2280-45F2-873D-671298FB5B66}.Debug|x86.ActiveCfg = Debug|Any CPU
		{EA03CD54-2280-45F2-873D-671298FB5B66}.Debug|x86.Build.0 = Debug|Any CPU
		{EA03CD54-2280-45F2-873D-671298FB5B66}.Release|Any CPU.ActiveCfg = Release|Any CPU
		{EA03CD54-2280-45F2-873D-671298FB5B66}.Release|Any CPU.Build.0 = Release|Any CPU
		{EA03CD54-2280-45F2-873D-671298FB5B66}.Release|x86.ActiveCfg = Release|Any CPU
		{EA03CD54-2280-45F2-873D-671298FB5B66}.Release|x86.Build.0 = Release|Any CPU
		{82EA9B55-6B88-445B-A3C7-34123E720E56}.Debug|Any CPU.ActiveCfg = Debug|Any CPU
		{82EA9B55-6B88-445B-A3C7-34123E720E56}.Debug|Any CPU.Build.0 = Debug|Any CPU
		{82EA9B55-6B88-445B-A3C7-34123E720E56}.Debug|x86.ActiveCfg = Debug|Any CPU
		{82EA9B55-6B88-445B-A3C7-34123E720E56}.Debug|x86.Build.0 = Debug|Any CPU
		{82EA9B55-6B88-445B-A3C7-34123E720E56}.Release|Any CPU.ActiveCfg = Release|Any CPU
		{82EA9B55-6B88-445B-A3C7-34123E720E56}.Release|Any CPU.Build.0 = Release|Any CPU
		{82EA9B55-6B88-445B-A3C7-34123E720E56}.Release|x86.ActiveCfg = Release|Any CPU
		{82EA9B55-6B88-445B-A3C7-34123E720E56}.Release|x86.Build.0 = Release|Any CPU
		{20F5C65D-64A1-49F7-833A-3708252C0A08}.Debug|Any CPU.ActiveCfg = Debug|Any CPU
		{20F5C65D-64A1-49F7-833A-3708252C0A08}.Debug|Any CPU.Build.0 = Debug|Any CPU
		{20F5C65D-64A1-49F7-833A-3708252C0A08}.Debug|x86.ActiveCfg = Debug|Any CPU
		{20F5C65D-64A1-49F7-833A-3708252C0A08}.Debug|x86.Build.0 = Debug|Any CPU
		{20F5C65D-64A1-49F7-833A-3708252C0A08}.Release|Any CPU.ActiveCfg = Release|Any CPU
		{20F5C65D-64A1-49F7-833A-3708252C0A08}.Release|Any CPU.Build.0 = Release|Any CPU
		{20F5C65D-64A1-49F7-833A-3708252C0A08}.Release|x86.ActiveCfg = Release|Any CPU
		{20F5C65D-64A1-49F7-833A-3708252C0A08}.Release|x86.Build.0 = Release|Any CPU
		{F9B64EEE-4A8D-4DAB-8786-69A12C361E24}.Debug|Any CPU.ActiveCfg = Debug|Any CPU
		{F9B64EEE-4A8D-4DAB-8786-69A12C361E24}.Debug|Any CPU.Build.0 = Debug|Any CPU
		{F9B64EEE-4A8D-4DAB-8786-69A12C361E24}.Debug|x86.ActiveCfg = Debug|Any CPU
		{F9B64EEE-4A8D-4DAB-8786-69A12C361E24}.Debug|x86.Build.0 = Debug|Any CPU
		{F9B64EEE-4A8D-4DAB-8786-69A12C361E24}.Release|Any CPU.ActiveCfg = Release|Any CPU
		{F9B64EEE-4A8D-4DAB-8786-69A12C361E24}.Release|Any CPU.Build.0 = Release|Any CPU
		{F9B64EEE-4A8D-4DAB-8786-69A12C361E24}.Release|x86.ActiveCfg = Release|Any CPU
		{F9B64EEE-4A8D-4DAB-8786-69A12C361E24}.Release|x86.Build.0 = Release|Any CPU
		{26E4CF9E-8E05-4F17-86B8-46853F87AD15}.Debug|Any CPU.ActiveCfg = Debug|Any CPU
		{26E4CF9E-8E05-4F17-86B8-46853F87AD15}.Debug|Any CPU.Build.0 = Debug|Any CPU
		{26E4CF9E-8E05-4F17-86B8-46853F87AD15}.Debug|x86.ActiveCfg = Debug|Any CPU
		{26E4CF9E-8E05-4F17-86B8-46853F87AD15}.Debug|x86.Build.0 = Debug|Any CPU
		{26E4CF9E-8E05-4F17-86B8-46853F87AD15}.Release|Any CPU.ActiveCfg = Release|Any CPU
		{26E4CF9E-8E05-4F17-86B8-46853F87AD15}.Release|Any CPU.Build.0 = Release|Any CPU
		{26E4CF9E-8E05-4F17-86B8-46853F87AD15}.Release|x86.ActiveCfg = Release|Any CPU
		{26E4CF9E-8E05-4F17-86B8-46853F87AD15}.Release|x86.Build.0 = Release|Any CPU
		{F199A65F-3FF8-4F5B-ABCC-F9B438CC3EE3}.Debug|Any CPU.ActiveCfg = Debug|Any CPU
		{F199A65F-3FF8-4F5B-ABCC-F9B438CC3EE3}.Debug|Any CPU.Build.0 = Debug|Any CPU
		{F199A65F-3FF8-4F5B-ABCC-F9B438CC3EE3}.Debug|x86.ActiveCfg = Debug|Any CPU
		{F199A65F-3FF8-4F5B-ABCC-F9B438CC3EE3}.Debug|x86.Build.0 = Debug|Any CPU
		{F199A65F-3FF8-4F5B-ABCC-F9B438CC3EE3}.Release|Any CPU.ActiveCfg = Release|Any CPU
		{F199A65F-3FF8-4F5B-ABCC-F9B438CC3EE3}.Release|Any CPU.Build.0 = Release|Any CPU
		{F199A65F-3FF8-4F5B-ABCC-F9B438CC3EE3}.Release|x86.ActiveCfg = Release|Any CPU
		{F199A65F-3FF8-4F5B-ABCC-F9B438CC3EE3}.Release|x86.Build.0 = Release|Any CPU
		{3BF3F35A-6A2B-4455-A294-B239057147EB}.Debug|Any CPU.ActiveCfg = Debug|Any CPU
		{3BF3F35A-6A2B-4455-A294-B239057147EB}.Debug|Any CPU.Build.0 = Debug|Any CPU
		{3BF3F35A-6A2B-4455-A294-B239057147EB}.Debug|x86.ActiveCfg = Debug|Any CPU
		{3BF3F35A-6A2B-4455-A294-B239057147EB}.Debug|x86.Build.0 = Debug|Any CPU
		{3BF3F35A-6A2B-4455-A294-B239057147EB}.Release|Any CPU.ActiveCfg = Release|Any CPU
		{3BF3F35A-6A2B-4455-A294-B239057147EB}.Release|Any CPU.Build.0 = Release|Any CPU
		{3BF3F35A-6A2B-4455-A294-B239057147EB}.Release|x86.ActiveCfg = Release|Any CPU
		{3BF3F35A-6A2B-4455-A294-B239057147EB}.Release|x86.Build.0 = Release|Any CPU
		{86AC51EB-762B-40FF-BB5A-FE99C7976ADE}.Debug|Any CPU.ActiveCfg = Debug|Any CPU
		{86AC51EB-762B-40FF-BB5A-FE99C7976ADE}.Debug|Any CPU.Build.0 = Debug|Any CPU
		{86AC51EB-762B-40FF-BB5A-FE99C7976ADE}.Debug|x86.ActiveCfg = Debug|Any CPU
		{86AC51EB-762B-40FF-BB5A-FE99C7976ADE}.Debug|x86.Build.0 = Debug|Any CPU
		{86AC51EB-762B-40FF-BB5A-FE99C7976ADE}.Release|Any CPU.ActiveCfg = Release|Any CPU
		{86AC51EB-762B-40FF-BB5A-FE99C7976ADE}.Release|Any CPU.Build.0 = Release|Any CPU
		{86AC51EB-762B-40FF-BB5A-FE99C7976ADE}.Release|x86.ActiveCfg = Release|Any CPU
		{86AC51EB-762B-40FF-BB5A-FE99C7976ADE}.Release|x86.Build.0 = Release|Any CPU
		{A634C1EB-526E-4276-BBAA-9E138D904EB7}.Debug|Any CPU.ActiveCfg = Debug|Any CPU
		{A634C1EB-526E-4276-BBAA-9E138D904EB7}.Debug|Any CPU.Build.0 = Debug|Any CPU
		{A634C1EB-526E-4276-BBAA-9E138D904EB7}.Debug|x86.ActiveCfg = Debug|Any CPU
		{A634C1EB-526E-4276-BBAA-9E138D904EB7}.Debug|x86.Build.0 = Debug|Any CPU
		{A634C1EB-526E-4276-BBAA-9E138D904EB7}.Release|Any CPU.ActiveCfg = Release|Any CPU
		{A634C1EB-526E-4276-BBAA-9E138D904EB7}.Release|Any CPU.Build.0 = Release|Any CPU
		{A634C1EB-526E-4276-BBAA-9E138D904EB7}.Release|x86.ActiveCfg = Release|Any CPU
		{A634C1EB-526E-4276-BBAA-9E138D904EB7}.Release|x86.Build.0 = Release|Any CPU
		{8861FB4C-62B8-4214-AA1E-6EB7E092AB8B}.Debug|Any CPU.ActiveCfg = Debug|Any CPU
		{8861FB4C-62B8-4214-AA1E-6EB7E092AB8B}.Debug|Any CPU.Build.0 = Debug|Any CPU
		{8861FB4C-62B8-4214-AA1E-6EB7E092AB8B}.Debug|x86.ActiveCfg = Debug|Any CPU
		{8861FB4C-62B8-4214-AA1E-6EB7E092AB8B}.Debug|x86.Build.0 = Debug|Any CPU
		{8861FB4C-62B8-4214-AA1E-6EB7E092AB8B}.Release|Any CPU.ActiveCfg = Release|Any CPU
		{8861FB4C-62B8-4214-AA1E-6EB7E092AB8B}.Release|Any CPU.Build.0 = Release|Any CPU
		{8861FB4C-62B8-4214-AA1E-6EB7E092AB8B}.Release|x86.ActiveCfg = Release|Any CPU
		{8861FB4C-62B8-4214-AA1E-6EB7E092AB8B}.Release|x86.Build.0 = Release|Any CPU
		{B649C878-7F74-41BC-8517-FAFE5130D951}.Debug|Any CPU.ActiveCfg = Debug|Any CPU
		{B649C878-7F74-41BC-8517-FAFE5130D951}.Debug|Any CPU.Build.0 = Debug|Any CPU
		{B649C878-7F74-41BC-8517-FAFE5130D951}.Debug|x86.ActiveCfg = Debug|Any CPU
		{B649C878-7F74-41BC-8517-FAFE5130D951}.Debug|x86.Build.0 = Debug|Any CPU
		{B649C878-7F74-41BC-8517-FAFE5130D951}.Release|Any CPU.ActiveCfg = Release|Any CPU
		{B649C878-7F74-41BC-8517-FAFE5130D951}.Release|Any CPU.Build.0 = Release|Any CPU
		{B649C878-7F74-41BC-8517-FAFE5130D951}.Release|x86.ActiveCfg = Release|Any CPU
		{B649C878-7F74-41BC-8517-FAFE5130D951}.Release|x86.Build.0 = Release|Any CPU
		{545FF69A-90F3-47BD-998D-0379566FE850}.Debug|Any CPU.ActiveCfg = Debug|Any CPU
		{545FF69A-90F3-47BD-998D-0379566FE850}.Debug|Any CPU.Build.0 = Debug|Any CPU
		{545FF69A-90F3-47BD-998D-0379566FE850}.Debug|x86.ActiveCfg = Debug|Any CPU
		{545FF69A-90F3-47BD-998D-0379566FE850}.Debug|x86.Build.0 = Debug|Any CPU
		{545FF69A-90F3-47BD-998D-0379566FE850}.Release|Any CPU.ActiveCfg = Release|Any CPU
		{545FF69A-90F3-47BD-998D-0379566FE850}.Release|Any CPU.Build.0 = Release|Any CPU
		{545FF69A-90F3-47BD-998D-0379566FE850}.Release|x86.ActiveCfg = Release|Any CPU
		{545FF69A-90F3-47BD-998D-0379566FE850}.Release|x86.Build.0 = Release|Any CPU
		{1E05FF46-0106-4617-9BFC-045A06938AB4}.Debug|Any CPU.ActiveCfg = Debug|Any CPU
		{1E05FF46-0106-4617-9BFC-045A06938AB4}.Debug|Any CPU.Build.0 = Debug|Any CPU
		{1E05FF46-0106-4617-9BFC-045A06938AB4}.Debug|x86.ActiveCfg = Debug|Any CPU
		{1E05FF46-0106-4617-9BFC-045A06938AB4}.Debug|x86.Build.0 = Debug|Any CPU
		{1E05FF46-0106-4617-9BFC-045A06938AB4}.Release|Any CPU.ActiveCfg = Release|Any CPU
		{1E05FF46-0106-4617-9BFC-045A06938AB4}.Release|Any CPU.Build.0 = Release|Any CPU
		{1E05FF46-0106-4617-9BFC-045A06938AB4}.Release|x86.ActiveCfg = Release|Any CPU
		{1E05FF46-0106-4617-9BFC-045A06938AB4}.Release|x86.Build.0 = Release|Any CPU
		{822433BC-F005-449B-9CC0-6CC214DD3C79}.Debug|Any CPU.ActiveCfg = Debug|Any CPU
		{822433BC-F005-449B-9CC0-6CC214DD3C79}.Debug|Any CPU.Build.0 = Debug|Any CPU
		{822433BC-F005-449B-9CC0-6CC214DD3C79}.Debug|x86.ActiveCfg = Debug|Any CPU
		{822433BC-F005-449B-9CC0-6CC214DD3C79}.Debug|x86.Build.0 = Debug|Any CPU
		{822433BC-F005-449B-9CC0-6CC214DD3C79}.Release|Any CPU.ActiveCfg = Release|Any CPU
		{822433BC-F005-449B-9CC0-6CC214DD3C79}.Release|Any CPU.Build.0 = Release|Any CPU
		{822433BC-F005-449B-9CC0-6CC214DD3C79}.Release|x86.ActiveCfg = Release|Any CPU
		{822433BC-F005-449B-9CC0-6CC214DD3C79}.Release|x86.Build.0 = Release|Any CPU
		{3FFD9F89-8FCA-4E0D-9F62-266E4B0A8726}.Debug|Any CPU.ActiveCfg = Debug|Any CPU
		{3FFD9F89-8FCA-4E0D-9F62-266E4B0A8726}.Debug|Any CPU.Build.0 = Debug|Any CPU
		{3FFD9F89-8FCA-4E0D-9F62-266E4B0A8726}.Debug|x86.ActiveCfg = Debug|Any CPU
		{3FFD9F89-8FCA-4E0D-9F62-266E4B0A8726}.Debug|x86.Build.0 = Debug|Any CPU
		{3FFD9F89-8FCA-4E0D-9F62-266E4B0A8726}.Release|Any CPU.ActiveCfg = Release|Any CPU
		{3FFD9F89-8FCA-4E0D-9F62-266E4B0A8726}.Release|Any CPU.Build.0 = Release|Any CPU
		{3FFD9F89-8FCA-4E0D-9F62-266E4B0A8726}.Release|x86.ActiveCfg = Release|Any CPU
		{3FFD9F89-8FCA-4E0D-9F62-266E4B0A8726}.Release|x86.Build.0 = Release|Any CPU
		{E0CB24B4-0037-42B3-AC25-E780CD28E4CD}.Debug|Any CPU.ActiveCfg = Debug|Any CPU
		{E0CB24B4-0037-42B3-AC25-E780CD28E4CD}.Debug|Any CPU.Build.0 = Debug|Any CPU
		{E0CB24B4-0037-42B3-AC25-E780CD28E4CD}.Debug|x86.ActiveCfg = Debug|Any CPU
		{E0CB24B4-0037-42B3-AC25-E780CD28E4CD}.Debug|x86.Build.0 = Debug|Any CPU
		{E0CB24B4-0037-42B3-AC25-E780CD28E4CD}.Release|Any CPU.ActiveCfg = Release|Any CPU
		{E0CB24B4-0037-42B3-AC25-E780CD28E4CD}.Release|Any CPU.Build.0 = Release|Any CPU
		{E0CB24B4-0037-42B3-AC25-E780CD28E4CD}.Release|x86.ActiveCfg = Release|Any CPU
		{E0CB24B4-0037-42B3-AC25-E780CD28E4CD}.Release|x86.Build.0 = Release|Any CPU
	EndGlobalSection
	GlobalSection(SolutionProperties) = preSolution
		HideSolutionNode = FALSE
	EndGlobalSection
	GlobalSection(NestedProjects) = preSolution
		{1D21C5CF-996F-4754-A3DD-4CB552511CA0} = {6EE436A9-1C44-4F8F-915E-716F4129D54A}
		{0DAD3B9C-35BF-4875-B53D-4B79C0B289D7} = {6EE436A9-1C44-4F8F-915E-716F4129D54A}
		{202B1B87-BE04-42CB-B2CB-73B98DB484F3} = {0DAD3B9C-35BF-4875-B53D-4B79C0B289D7}
		{4AB1626C-6EE3-4648-B251-7764E3F31CF7} = {0DAD3B9C-35BF-4875-B53D-4B79C0B289D7}
		{9A0D6AE9-CB51-41F3-8CB5-BCC456CD7C98} = {0DAD3B9C-35BF-4875-B53D-4B79C0B289D7}
		{22D25E84-7506-4410-B674-3C1132F094CA} = {73C9A6C8-141D-40B9-8FF2-0A7666C331C8}
		{77475044-B308-48C4-8F37-FC24901710A0} = {73C9A6C8-141D-40B9-8FF2-0A7666C331C8}
		{8AA2326B-03E2-4DAF-AF4E-53DC3FD05A97} = {77475044-B308-48C4-8F37-FC24901710A0}
		{D7645081-9C08-4D8B-84DF-21AA5B784D1A} = {77475044-B308-48C4-8F37-FC24901710A0}
		{7CF52ECD-A417-4E0D-8B19-79E8957A49B4} = {73C9A6C8-141D-40B9-8FF2-0A7666C331C8}
		{032951F7-C628-48D7-B86F-733C6ADFED63} = {8F15E6C5-5759-456F-8C0D-5F10F9636E78}
		{99129CCC-D93B-47D1-872A-8A36F0A37C9F} = {8F15E6C5-5759-456F-8C0D-5F10F9636E78}
		{10D29B0D-7736-4CA5-B793-2711AC02AC6C} = {99129CCC-D93B-47D1-872A-8A36F0A37C9F}
		{F79713A7-B878-4D75-A763-97F0765328B3} = {8F15E6C5-5759-456F-8C0D-5F10F9636E78}
		{8FAA332F-FD77-40C3-A6BF-9697785303DC} = {F79713A7-B878-4D75-A763-97F0765328B3}
		{DA263DDA-3CA3-4DAA-B100-9E75506A8090} = {F79713A7-B878-4D75-A763-97F0765328B3}
		{D1C95D99-C89A-4663-B238-FB7192D9619F} = {F79713A7-B878-4D75-A763-97F0765328B3}
		{F84CBA48-A722-4CB9-97EE-82B8B7A76CAF} = {F79713A7-B878-4D75-A763-97F0765328B3}
		{DCBC31AC-C332-405E-A2E5-431CDE824A4D} = {7CF52ECD-A417-4E0D-8B19-79E8957A49B4}
		{1948C621-AB03-4E79-90AC-7D55E0CBFBF1} = {9B3FC4C3-B4BF-4E3C-85C9-64AC12F41AA9}
		{C69D2CF6-767B-454E-BC55-DF858A1759C8} = {9B3FC4C3-B4BF-4E3C-85C9-64AC12F41AA9}
		{B518D01B-314A-4F4F-83E3-5DB4F12AEC9A} = {C69D2CF6-767B-454E-BC55-DF858A1759C8}
		{DC4384D9-A60B-426E-BA2F-97F46FCBCC47} = {C69D2CF6-767B-454E-BC55-DF858A1759C8}
		{9892B920-ADF6-4BF5-9285-32BD393EC1DC} = {89C74412-263D-4F77-AD75-559DBC2FB610}
		{39D33B78-EBB5-47CE-9797-454583821D24} = {89C74412-263D-4F77-AD75-559DBC2FB610}
		{DF2D9DFD-9B00-4B8F-93EE-3C3536649E2C} = {89C74412-263D-4F77-AD75-559DBC2FB610}
		{A4F3CAF6-6ADD-4048-BC3A-A6BDAFC501B6} = {89C74412-263D-4F77-AD75-559DBC2FB610}
		{E58D0E86-7996-4408-8FDA-11CB4916935A} = {97C2D585-7C75-4C95-A5E7-358B353CE4DE}
		{D62A3A4A-6820-49DF-ACD0-63BF6A9C6665} = {97C2D585-7C75-4C95-A5E7-358B353CE4DE}
		{CC494313-4A1C-4DAA-899A-37AA03AB7413} = {D62A3A4A-6820-49DF-ACD0-63BF6A9C6665}
		{269EF299-F0A6-4FEA-AB50-0865348DD7C2} = {D62A3A4A-6820-49DF-ACD0-63BF6A9C6665}
		{7797DD1C-6F22-49C1-93F1-A9D6620F9054} = {D62A3A4A-6820-49DF-ACD0-63BF6A9C6665}
		{79C3792C-53BA-4644-9D4B-E3A124CF9658} = {97C2D585-7C75-4C95-A5E7-358B353CE4DE}
		{7071BF40-544F-4585-93D5-E8ED0743E1CE} = {79C3792C-53BA-4644-9D4B-E3A124CF9658}
		{2AAEF66E-2AD6-4CB1-A8B1-20C965D3801B} = {79C3792C-53BA-4644-9D4B-E3A124CF9658}
		{D659074D-097A-49E8-9D3F-1517C3363070} = {79C3792C-53BA-4644-9D4B-E3A124CF9658}
		{1EA4575C-53D0-43A1-A760-E4933424145D} = {97C2D585-7C75-4C95-A5E7-358B353CE4DE}
		{394C08BF-2598-484E-A0E1-B6581CF75B6E} = {08B486F3-81DE-40AB-AEBB-5B28686DFE02}
		{22500C32-D7D9-4AF9-92DD-4D2B44AA8196} = {08B486F3-81DE-40AB-AEBB-5B28686DFE02}
		{7EEFFB29-3D99-42BA-B55D-AEFFEB9BC778} = {22500C32-D7D9-4AF9-92DD-4D2B44AA8196}
		{DAD79EB5-2855-49C6-AF62-DA4DE0A1E4BC} = {22500C32-D7D9-4AF9-92DD-4D2B44AA8196}
		{162D29CA-E233-4CB3-B744-464CE324CD4C} = {22500C32-D7D9-4AF9-92DD-4D2B44AA8196}
		{E8F33CCE-4A7E-4058-B87D-CD9A267D40BB} = {EC3C340B-3AE2-4A6F-9E28-0DC64AFF4FF4}
		{FF00D1B1-0862-441B-AB03-F86F19A61D7E} = {EC3C340B-3AE2-4A6F-9E28-0DC64AFF4FF4}
		{F9FDCDF7-4B0C-4D61-953A-76A6FC221354} = {FF00D1B1-0862-441B-AB03-F86F19A61D7E}
		{2578F51C-8876-4131-8D2D-FBE7ACE410A7} = {FF00D1B1-0862-441B-AB03-F86F19A61D7E}
		{E448D580-CE3E-4DE0-8D1D-E695F6E5111F} = {FF00D1B1-0862-441B-AB03-F86F19A61D7E}
		{A60EDCCF-9A93-4527-A14B-BF4131A9C99B} = {EC3C340B-3AE2-4A6F-9E28-0DC64AFF4FF4}
		{DA5888F4-07B1-483A-AB3A-33C55564F6C5} = {A60EDCCF-9A93-4527-A14B-BF4131A9C99B}
		{62775467-6813-490A-B778-C86775BAEAB7} = {A60EDCCF-9A93-4527-A14B-BF4131A9C99B}
		{7693D6B2-468F-4CFC-A14E-EF7AD8CAFE93} = {A60EDCCF-9A93-4527-A14B-BF4131A9C99B}
		{31EBD970-2C40-430A-83EF-9DB81A8B172E} = {EC3C340B-3AE2-4A6F-9E28-0DC64AFF4FF4}
		{5318E2A1-C4DD-41BA-8424-2ECD0191A59C} = {31EBD970-2C40-430A-83EF-9DB81A8B172E}
		{D84DB7A5-A73D-4D76-8270-2C63CE45154D} = {31EBD970-2C40-430A-83EF-9DB81A8B172E}
		{4FB68783-4137-444F-927C-1BD82884D5E5} = {31EBD970-2C40-430A-83EF-9DB81A8B172E}
		{066BA93E-53F1-4A52-B3DA-F04DC35EFCE7} = {82AB9E6A-7EBD-4913-9CEE-85498D2EBF7B}
		{CBE39021-F989-4521-91EE-66D328776D72} = {82AB9E6A-7EBD-4913-9CEE-85498D2EBF7B}
		{4AA4F476-F334-4BC8-8985-F2470CBEA361} = {CBE39021-F989-4521-91EE-66D328776D72}
		{6EAF66E0-47EA-482D-8207-F6BBA9ADDD82} = {CBE39021-F989-4521-91EE-66D328776D72}
		{E6EE333D-A69F-428F-846C-E69F672C80BD} = {CBE39021-F989-4521-91EE-66D328776D72}
		{EA03CD54-2280-45F2-873D-671298FB5B66} = {CBE39021-F989-4521-91EE-66D328776D72}
		{82EA9B55-6B88-445B-A3C7-34123E720E56} = {7744C3BA-D8F9-4056-A394-695DDEBF8E7A}
		{7C043316-4A60-4CAC-B055-CCD7E71430B9} = {7744C3BA-D8F9-4056-A394-695DDEBF8E7A}
		{20F5C65D-64A1-49F7-833A-3708252C0A08} = {7C043316-4A60-4CAC-B055-CCD7E71430B9}
		{DEF00DA2-AED0-4709-A4D7-962A84D8C520} = {7744C3BA-D8F9-4056-A394-695DDEBF8E7A}
		{F9B64EEE-4A8D-4DAB-8786-69A12C361E24} = {DEF00DA2-AED0-4709-A4D7-962A84D8C520}
		{26E4CF9E-8E05-4F17-86B8-46853F87AD15} = {DEF00DA2-AED0-4709-A4D7-962A84D8C520}
		{F199A65F-3FF8-4F5B-ABCC-F9B438CC3EE3} = {DEF00DA2-AED0-4709-A4D7-962A84D8C520}
		{3BF3F35A-6A2B-4455-A294-B239057147EB} = {EC971D0F-E0E8-4E7F-A9FC-5A885EBD4233}
		{D7BF95D1-1A88-4393-833D-3EE4F80EACE3} = {EC971D0F-E0E8-4E7F-A9FC-5A885EBD4233}
		{86AC51EB-762B-40FF-BB5A-FE99C7976ADE} = {D7BF95D1-1A88-4393-833D-3EE4F80EACE3}
		{D8ED5D0E-428D-4491-A333-C7E0AA93F7DF} = {EC971D0F-E0E8-4E7F-A9FC-5A885EBD4233}
		{A634C1EB-526E-4276-BBAA-9E138D904EB7} = {D8ED5D0E-428D-4491-A333-C7E0AA93F7DF}
		{8861FB4C-62B8-4214-AA1E-6EB7E092AB8B} = {D8ED5D0E-428D-4491-A333-C7E0AA93F7DF}
		{B649C878-7F74-41BC-8517-FAFE5130D951} = {D8ED5D0E-428D-4491-A333-C7E0AA93F7DF}
		{E4834E98-4769-453A-8AF6-505FBAEF592D} = {EC971D0F-E0E8-4E7F-A9FC-5A885EBD4233}
		{545FF69A-90F3-47BD-998D-0379566FE850} = {E4834E98-4769-453A-8AF6-505FBAEF592D}
		{1E05FF46-0106-4617-9BFC-045A06938AB4} = {E4834E98-4769-453A-8AF6-505FBAEF592D}
		{822433BC-F005-449B-9CC0-6CC214DD3C79} = {E4834E98-4769-453A-8AF6-505FBAEF592D}
		{3FFD9F89-8FCA-4E0D-9F62-266E4B0A8726} = {539F8BC0-3CC6-4D09-8C8E-653A3676A7E1}
		{E0CB24B4-0037-42B3-AC25-E780CD28E4CD} = {539F8BC0-3CC6-4D09-8C8E-653A3676A7E1}
	EndGlobalSection
	GlobalSection(ExtensibilityGlobals) = postSolution
		SolutionGuid = {42B6E0E4-45C4-4773-A785-2E58D304D36A}
		EnterpriseLibraryConfigurationToolBinariesPath = packages\Unity.2.1.505.0\lib\NET35;packages\Unity.Interception.2.1.505.0\lib\NET35;packages\EnterpriseLibrary.Common.5.0.505.0\lib\NET35;packages\EnterpriseLibrary.ExceptionHandling.5.0.505.0\lib\NET35
	EndGlobalSection
EndGlobal
